{
  "originHash" : "a72b37d142139a9f8de021ec1a2d4e7ec2a7ffc9ebc87493f58bac80a85691cb",
  "pins" : [
    {
      "identity" : "sentry-cocoa",
      "kind" : "remoteSourceControl",
      "location" : "https://github.com/getsentry/sentry-cocoa",
      "state" : {
        "revision" : "8fd4e804f2e72e0b9c1b189ce4e8349c4d10b6a2",
        "version" : "8.30.0"
      }
    }
  ],
  "version" : 3
}
