PODS:
  - _NIODataStructures (2.32.3)
  - CGRPCZlib (1.7.1)
  - CNIOAtomics (2.32.3)
  - CNIOBoringSSL (2.15.1)
  - CNIOBoringSSLShims (2.15.1):
    - CNIOBoringSSL (= 2.15.1)
  - CNIODarwin (2.32.3)
  - CNIOHTTPParser (2.32.3)
  - CNIOLinux (2.32.3)
  - CNIOWindows (2.32.3)
  - gRPC-Swift (1.7.1):
    - CGRPCZlib (= 1.7.1)
    - Logging (< 2.0.0, >= 1.4.0)
    - SwiftNIO (< 3.0.0, >= 2.32.0)
    - SwiftNIOExtras (< 2.0.0, >= 1.4.0)
    - SwiftNIOHTTP2 (< 2.0.0, >= 1.19.2)
    - SwiftNIOSSL (< 3.0.0, >= 2.14.0)
    - SwiftNIOTransportServices (< 2.0.0, >= 1.11.1)
    - SwiftProtobuf (< 2.0.0, >= 1.9.0)
  - gRPC-Swift-Plugins (1.7.1):
    - gRPC-Swift (= 1.7.1)
  - Logging (1.4.0)
  - ReactiveCocoa (12.0.0):
    - ReactiveSwift (~> 7.0)
  - ReactiveSwift (7.0.0)
  - SDWebImage (5.12.3):
    - SDWebImage/Core (= 5.12.3)
  - SDWebImage/Core (5.12.3)
  - SwiftFormat/CLI (0.49.4)
  - SwiftNIO (2.32.3):
    - SwiftNIOCore (= 2.32.3)
    - SwiftNIOEmbedded (= 2.32.3)
    - SwiftNIOPosix (= 2.32.3)
  - SwiftNIOConcurrencyHelpers (2.32.3):
    - CNIOAtomics (= 2.32.3)
  - SwiftNIOCore (2.32.3):
    - CNIOLinux (= 2.32.3)
    - SwiftNIOConcurrencyHelpers (= 2.32.3)
  - SwiftNIOEmbedded (2.32.3):
    - _NIODataStructures (= 2.32.3)
    - SwiftNIOCore (= 2.32.3)
  - SwiftNIOExtras (1.10.2):
    - SwiftNIO (< 3, >= 2.32.0)
  - SwiftNIOFoundationCompat (2.32.3):
    - SwiftNIO (= 2.32.3)
    - SwiftNIOCore (= 2.32.3)
  - SwiftNIOHPACK (1.19.2):
    - SwiftNIO (< 3, >= 2.32.0)
    - SwiftNIOConcurrencyHelpers (< 3, >= 2.32.0)
    - SwiftNIOCore (< 3, >= 2.32.0)
    - SwiftNIOHTTP1 (< 3, >= 2.32.0)
  - SwiftNIOHTTP1 (2.32.3):
    - CNIOHTTPParser (= 2.32.3)
    - SwiftNIO (= 2.32.3)
    - SwiftNIOConcurrencyHelpers (= 2.32.3)
    - SwiftNIOCore (= 2.32.3)
  - SwiftNIOHTTP2 (1.19.2):
    - SwiftNIO (< 3, >= 2.32.0)
    - SwiftNIOConcurrencyHelpers (< 3, >= 2.32.0)
    - SwiftNIOCore (< 3, >= 2.32.0)
    - SwiftNIOHPACK (= 1.19.2)
    - SwiftNIOHTTP1 (< 3, >= 2.32.0)
    - SwiftNIOTLS (< 3, >= 2.32.0)
  - SwiftNIOPosix (2.32.3):
    - _NIODataStructures (= 2.32.3)
    - CNIODarwin (= 2.32.3)
    - CNIOLinux (= 2.32.3)
    - CNIOWindows (= 2.32.3)
    - SwiftNIOConcurrencyHelpers (= 2.32.3)
    - SwiftNIOCore (= 2.32.3)
  - SwiftNIOSSL (2.15.1):
    - CNIOBoringSSL (= 2.15.1)
    - CNIOBoringSSLShims (= 2.15.1)
    - SwiftNIO (< 3, >= 2.32.0)
    - SwiftNIOConcurrencyHelpers (< 3, >= 2.32.0)
    - SwiftNIOCore (< 3, >= 2.32.0)
    - SwiftNIOTLS (< 3, >= 2.32.0)
  - SwiftNIOTLS (2.32.3):
    - SwiftNIO (= 2.32.3)
    - SwiftNIOCore (= 2.32.3)
  - SwiftNIOTransportServices (1.11.3):
    - SwiftNIO (< 3, >= 2.32.0)
    - SwiftNIOConcurrencyHelpers (< 3, >= 2.32.0)
    - SwiftNIOFoundationCompat (< 3, >= 2.32.0)
    - SwiftNIOTLS (< 3, >= 2.32.0)
  - SwiftProtobuf (1.18.0)

DEPENDENCIES:
  - gRPC-Swift (~> 1)
  - gRPC-Swift-Plugins (~> 1)
  - ReactiveCocoa (~> 12)
  - SDWebImage (~> 5)
  - SwiftFormat/CLI (~> 0)

SPEC REPOS:
  trunk:
    - _NIODataStructures
    - CGRPCZlib
    - CNIOAtomics
    - CNIOBoringSSL
    - CNIOBoringSSLShims
    - CNIODarwin
    - CNIOHTTPParser
    - CNIOLinux
    - CNIOWindows
    - gRPC-Swift
    - gRPC-Swift-Plugins
    - Logging
    - ReactiveCocoa
    - ReactiveSwift
    - SDWebImage
    - SwiftFormat
    - SwiftNIO
    - SwiftNIOConcurrencyHelpers
    - SwiftNIOCore
    - SwiftNIOEmbedded
    - SwiftNIOExtras
    - SwiftNIOFoundationCompat
    - SwiftNIOHPACK
    - SwiftNIOHTTP1
    - SwiftNIOHTTP2
    - SwiftNIOPosix
    - SwiftNIOSSL
    - SwiftNIOTLS
    - SwiftNIOTransportServices
    - SwiftProtobuf

SPEC CHECKSUMS:
  _NIODataStructures: e2077c7dc7c1d6c93e698c85fe04d663a17f53a4
  CGRPCZlib: 8b4c1074399f6ba2db3361862d4340d57d7b77f0
  CNIOAtomics: 4dde57e1838a29a9b23ef91617505f34751cdbe5
  CNIOBoringSSL: c99129423da079a9eb74bcfc7cfec41a6775cf94
  CNIOBoringSSLShims: 902ae35fea0b6be5eefb4fdce906751886cfa46f
  CNIODarwin: 0489511f8486443af71ff986ccd5abbc680ae713
  CNIOHTTPParser: f7a6816f7ddbe7dfa57a74cd36dc2db2c53b56e8
  CNIOLinux: 5921dfefbc4bbe017380b34c510855622147ea41
  CNIOWindows: f5aa9dfb401b440a7b4c9cd911e53e981a787193
  gRPC-Swift: c5541e5fed500f45d31bf1369cecec753d1007e2
  gRPC-Swift-Plugins: c01c4685a24c3b02ff4b2d9ff5b0010f402d010e
  Logging: beeb016c9c80cf77042d62e83495816847ef108b
  ReactiveCocoa: 5d10386f0ce09f922006efbf784881c5fade27c5
  ReactiveSwift: 48c4b9d3b497e8dd20b10300bb1a28ff93550f13
  SDWebImage: 53179a2dba77246efa8a9b85f5c5b21f8f43e38f
  SwiftFormat: 8acc16efcecb563206cbe90b4cb047cfdf9aafdb
  SwiftNIO: bb336ceef32850e9671d3fa0e0cc2b9add3b5948
  SwiftNIOConcurrencyHelpers: ca2594e10749655f42baf5468212be83d2f94fe3
  SwiftNIOCore: 9deed6620f80c7c82e8e2c2ffb9864495416d892
  SwiftNIOEmbedded: b7ccf12b402dff35a5d4356990a6253621e4337d
  SwiftNIOExtras: 70f09aa8eca3ab6baeaf1993da9c855b6e95e97f
  SwiftNIOFoundationCompat: d3b888766e7c67354a4e4e145d38edf9586efa0c
  SwiftNIOHPACK: 5692b7d669e954adf9920432a8a3e279aceee55e
  SwiftNIOHTTP1: 349a16aae363250cd49f430a9fdb93cff518adfa
  SwiftNIOHTTP2: f6dd22df6f4463d4f5bf310cb2f43e52f4e79ce2
  SwiftNIOPosix: e4988a8dcfd5a6319bde219d7a3d0acc5fbe7a89
  SwiftNIOSSL: 7c2ddcbcbb2a8188468b7fe9c2bc6124df4b3772
  SwiftNIOTLS: 1b8290ec775238ccc714ed842d929494df95a2c2
  SwiftNIOTransportServices: 1fbbdb58510af3c53a838a1dbea98f18132dc952
  SwiftProtobuf: c3c12645230d9b09c72267e0de89468c5543bd86

PODFILE CHECKSUM: 694172f9ea7c4af50d4a09cf0cf0e5a7ea3b24e3

COCOAPODS: 1.11.2
