// !$*UTF8*$!
{
	archiveVersion = 1;
	classes = {
	};
	objectVersion = 54;
	objects = {

/* Begin PBXBuildFile section */
		4D0040EC268EEDE800AF89FD /* AppDelegate.swift in Sources */ = {isa = PBXBuildFile; fileRef = 4D0040EB268EEDE800AF89FD /* AppDelegate.swift */; };
		4D0040EE268EEDE800AF89FD /* SceneDelegate.swift in Sources */ = {isa = PBXBuildFile; fileRef = 4D0040ED268EEDE800AF89FD /* SceneDelegate.swift */; };
		4D0040F3268EEDE800AF89FD /* Main.storyboard in Resources */ = {isa = PBXBuildFile; fileRef = 4D0040F1268EEDE800AF89FD /* Main.storyboard */; };
		4D0040F5268EEDE900AF89FD /* Assets.xcassets in Resources */ = {isa = PBXBuildFile; fileRef = 4D0040F4268EEDE900AF89FD /* Assets.xcassets */; };
		4D0040F8268EEDE900AF89FD /* LaunchScreen.storyboard in Resources */ = {isa = PBXBuildFile; fileRef = 4D0040F6268EEDE900AF89FD /* LaunchScreen.storyboard */; };
		4D0A8D6D26A7FAF8007691C9 /* ViewModel.swift in Sources */ = {isa = PBXBuildFile; fileRef = 4D0A8D6C26A7FAF8007691C9 /* ViewModel.swift */; };
		4D28876226A74F7200D6D3CB /* Rpc.swift in Sources */ = {isa = PBXBuildFile; fileRef = 4D28876126A74F7200D6D3CB /* Rpc.swift */; };
		4D36CC3126964B5D00BA1675 /* FatButton.swift in Sources */ = {isa = PBXBuildFile; fileRef = 4D36CC3026964B5D00BA1675 /* FatButton.swift */; };
		4D75EC6826B9BA2E00684537 /* ViewModelDelegate+UIViewController.swift in Sources */ = {isa = PBXBuildFile; fileRef = 4D75EC6726B9BA2E00684537 /* ViewModelDelegate+UIViewController.swift */; };
		4D7C987126912ABA00819E3F /* comment.proto in Sources */ = {isa = PBXBuildFile; fileRef = 4D7C98532691254B00819E3F /* comment.proto */; };
		4D7C987226912ABD00819E3F /* id.proto in Sources */ = {isa = PBXBuildFile; fileRef = 4D7C98512691254B00819E3F /* id.proto */; };
		4D7C987326912ABF00819E3F /* image.proto in Sources */ = {isa = PBXBuildFile; fileRef = 4D7C985C2691254B00819E3F /* image.proto */; };
		4D7C987426912AC200819E3F /* notification.proto in Sources */ = {isa = PBXBuildFile; fileRef = 4D7C984F2691254B00819E3F /* notification.proto */; };
		4D7C987526912AC500819E3F /* pagination.proto in Sources */ = {isa = PBXBuildFile; fileRef = 4D7C984C2691254B00819E3F /* pagination.proto */; };
		4D7C987626912AC900819E3F /* post.proto in Sources */ = {isa = PBXBuildFile; fileRef = 4D7C984D2691254B00819E3F /* post.proto */; };
		4D7C987726912ACC00819E3F /* user.proto in Sources */ = {isa = PBXBuildFile; fileRef = 4D7C985D2691254B00819E3F /* user.proto */; };
		4D96BF652697A2B800ED9355 /* KeyboardDodgingConstraint.swift in Sources */ = {isa = PBXBuildFile; fileRef = 4D96BF642697A2B800ED9355 /* KeyboardDodgingConstraint.swift */; };
		4D96BF672697A4E700ED9355 /* LoginViewController.swift in Sources */ = {isa = PBXBuildFile; fileRef = 4D96BF662697A4E700ED9355 /* LoginViewController.swift */; };
		4DCD910926A46F3F0010F8B1 /* SettingsViewController.swift in Sources */ = {isa = PBXBuildFile; fileRef = 4DCD910826A46F3F0010F8B1 /* SettingsViewController.swift */; };
		4DFAAD21269F628200DFAB5F /* String.swift in Sources */ = {isa = PBXBuildFile; fileRef = 4DFAAD20269F628200DFAB5F /* String.swift */; };
		4DFAAD25269F6D1F00DFAB5F /* Localizable.strings in Resources */ = {isa = PBXBuildFile; fileRef = 4DFAAD23269F6D1F00DFAB5F /* Localizable.strings */; };
		4DFAAD29269F7CB800DFAB5F /* LoginViewModel.swift in Sources */ = {isa = PBXBuildFile; fileRef = 4DFAAD28269F7CB800DFAB5F /* LoginViewModel.swift */; };
		D5EDE7778C671535FAB82E6F /* Pods_Fyreplace.framework in Frameworks */ = {isa = PBXBuildFile; fileRef = 4777A1261E1529EE476D77B7 /* Pods_Fyreplace.framework */; };
/* End PBXBuildFile section */

/* Begin PBXBuildRule section */
		4D7C987826912C2600819E3F /* PBXBuildRule */ = {
			isa = PBXBuildRule;
			compilerSpec = com.apple.compilers.proxy.script;
			filePatterns = "*.proto";
			fileType = pattern.proxy;
			inputFiles = (
			);
			isEditable = 1;
			outputFiles = (
				"$(INPUT_FILE_DIR)/$(INPUT_FILE_BASE).pb.swift",
				"$(INPUT_FILE_DIR)/$(INPUT_FILE_BASE).grpc.swift",
			);
			runOncePerArchitecture = 0;
			script = "PATH=\"$PATH:./Pods/gRPC-Swift-Plugins/bin\"\nprotoc --swift_out=. --grpc-swift_out=. protos/$INPUT_FILE_NAME\ntouch protos/$INPUT_FILE_BASE.pb.swift\ntouch protos/$INPUT_FILE_BASE.grpc.swift\n";
		};
/* End PBXBuildRule section */

/* Begin PBXFileReference section */
		4777A1261E1529EE476D77B7 /* Pods_Fyreplace.framework */ = {isa = PBXFileReference; explicitFileType = wrapper.framework; includeInIndex = 0; path = Pods_Fyreplace.framework; sourceTree = BUILT_PRODUCTS_DIR; };
		4D0040E8268EEDE800AF89FD /* Fyreplace.app */ = {isa = PBXFileReference; explicitFileType = wrapper.application; includeInIndex = 0; path = Fyreplace.app; sourceTree = BUILT_PRODUCTS_DIR; };
		4D0040EB268EEDE800AF89FD /* AppDelegate.swift */ = {isa = PBXFileReference; lastKnownFileType = sourcecode.swift; path = AppDelegate.swift; sourceTree = "<group>"; };
		4D0040ED268EEDE800AF89FD /* SceneDelegate.swift */ = {isa = PBXFileReference; lastKnownFileType = sourcecode.swift; path = SceneDelegate.swift; sourceTree = "<group>"; };
		4D0040F2268EEDE800AF89FD /* Base */ = {isa = PBXFileReference; lastKnownFileType = file.storyboard; name = Base; path = Base.lproj/Main.storyboard; sourceTree = "<group>"; };
		4D0040F4268EEDE900AF89FD /* Assets.xcassets */ = {isa = PBXFileReference; lastKnownFileType = folder.assetcatalog; path = Assets.xcassets; sourceTree = "<group>"; };
		4D0040F7268EEDE900AF89FD /* Base */ = {isa = PBXFileReference; lastKnownFileType = file.storyboard; name = Base; path = Base.lproj/LaunchScreen.storyboard; sourceTree = "<group>"; };
		4D0040F9268EEDE900AF89FD /* Info.plist */ = {isa = PBXFileReference; lastKnownFileType = text.plist.xml; path = Info.plist; sourceTree = "<group>"; };
		4D0A8D6C26A7FAF8007691C9 /* ViewModel.swift */ = {isa = PBXFileReference; lastKnownFileType = sourcecode.swift; path = ViewModel.swift; sourceTree = "<group>"; };
		4D28876126A74F7200D6D3CB /* Rpc.swift */ = {isa = PBXFileReference; lastKnownFileType = sourcecode.swift; path = Rpc.swift; sourceTree = "<group>"; };
		4D36CC3026964B5D00BA1675 /* FatButton.swift */ = {isa = PBXFileReference; lastKnownFileType = sourcecode.swift; path = FatButton.swift; sourceTree = "<group>"; };
		4D75EC6726B9BA2E00684537 /* ViewModelDelegate+UIViewController.swift */ = {isa = PBXFileReference; lastKnownFileType = sourcecode.swift; path = "ViewModelDelegate+UIViewController.swift"; sourceTree = "<group>"; };
		4D7C984C2691254B00819E3F /* pagination.proto */ = {isa = PBXFileReference; fileEncoding = 4; lastKnownFileType = sourcecode.protobuf; path = pagination.proto; sourceTree = "<group>"; };
		4D7C984D2691254B00819E3F /* post.proto */ = {isa = PBXFileReference; fileEncoding = 4; lastKnownFileType = sourcecode.protobuf; path = post.proto; sourceTree = "<group>"; };
		4D7C984F2691254B00819E3F /* notification.proto */ = {isa = PBXFileReference; fileEncoding = 4; lastKnownFileType = sourcecode.protobuf; path = notification.proto; sourceTree = "<group>"; };
		4D7C98512691254B00819E3F /* id.proto */ = {isa = PBXFileReference; fileEncoding = 4; lastKnownFileType = sourcecode.protobuf; path = id.proto; sourceTree = "<group>"; };
		4D7C98522691254B00819E3F /* .gitignore */ = {isa = PBXFileReference; fileEncoding = 4; lastKnownFileType = text; path = .gitignore; sourceTree = "<group>"; };
		4D7C98532691254B00819E3F /* comment.proto */ = {isa = PBXFileReference; fileEncoding = 4; lastKnownFileType = sourcecode.protobuf; path = comment.proto; sourceTree = "<group>"; };
		4D7C985C2691254B00819E3F /* image.proto */ = {isa = PBXFileReference; fileEncoding = 4; lastKnownFileType = sourcecode.protobuf; path = image.proto; sourceTree = "<group>"; };
		4D7C985D2691254B00819E3F /* user.proto */ = {isa = PBXFileReference; fileEncoding = 4; lastKnownFileType = sourcecode.protobuf; path = user.proto; sourceTree = "<group>"; };
		4D96BF642697A2B800ED9355 /* KeyboardDodgingConstraint.swift */ = {isa = PBXFileReference; lastKnownFileType = sourcecode.swift; path = KeyboardDodgingConstraint.swift; sourceTree = "<group>"; };
		4D96BF662697A4E700ED9355 /* LoginViewController.swift */ = {isa = PBXFileReference; lastKnownFileType = sourcecode.swift; path = LoginViewController.swift; sourceTree = "<group>"; };
		4DCD910826A46F3F0010F8B1 /* SettingsViewController.swift */ = {isa = PBXFileReference; lastKnownFileType = sourcecode.swift; path = SettingsViewController.swift; sourceTree = "<group>"; };
		4DFAAD20269F628200DFAB5F /* String.swift */ = {isa = PBXFileReference; lastKnownFileType = sourcecode.swift; path = String.swift; sourceTree = "<group>"; };
		4DFAAD24269F6D1F00DFAB5F /* en */ = {isa = PBXFileReference; lastKnownFileType = text.plist.strings; name = en; path = en.lproj/Localizable.strings; sourceTree = "<group>"; };
		4DFAAD26269F6D4800DFAB5F /* Base */ = {isa = PBXFileReference; lastKnownFileType = text.plist.strings; name = Base; path = Base.lproj/Localizable.strings; sourceTree = "<group>"; };
		4DFAAD28269F7CB800DFAB5F /* LoginViewModel.swift */ = {isa = PBXFileReference; lastKnownFileType = sourcecode.swift; path = LoginViewModel.swift; sourceTree = "<group>"; };
		92881C69D2E8B8F74E97874F /* Pods-Fyreplace.release.xcconfig */ = {isa = PBXFileReference; includeInIndex = 1; lastKnownFileType = text.xcconfig; name = "Pods-Fyreplace.release.xcconfig"; path = "Target Support Files/Pods-Fyreplace/Pods-Fyreplace.release.xcconfig"; sourceTree = "<group>"; };
		DAFDD2F2A849ABB6085E5533 /* Pods-Fyreplace.debug.xcconfig */ = {isa = PBXFileReference; includeInIndex = 1; lastKnownFileType = text.xcconfig; name = "Pods-Fyreplace.debug.xcconfig"; path = "Target Support Files/Pods-Fyreplace/Pods-Fyreplace.debug.xcconfig"; sourceTree = "<group>"; };
/* End PBXFileReference section */

/* Begin PBXFrameworksBuildPhase section */
		4D0040E5268EEDE800AF89FD /* Frameworks */ = {
			isa = PBXFrameworksBuildPhase;
			buildActionMask = 2147483647;
			files = (
				D5EDE7778C671535FAB82E6F /* Pods_Fyreplace.framework in Frameworks */,
			);
			runOnlyForDeploymentPostprocessing = 0;
		};
/* End PBXFrameworksBuildPhase section */

/* Begin PBXGroup section */
		4D0040DF268EEDE800AF89FD = {
			isa = PBXGroup;
			children = (
				4D0040EA268EEDE800AF89FD /* Fyreplace */,
				4D7C984A2691254B00819E3F /* protos */,
				4D0040E9268EEDE800AF89FD /* Products */,
				C65EB2DEC8380D9ABD7483E6 /* Pods */,
				958BE3377F98F9B27CCC6D2D /* Frameworks */,
			);
			sourceTree = "<group>";
		};
		4D0040E9268EEDE800AF89FD /* Products */ = {
			isa = PBXGroup;
			children = (
				4D0040E8268EEDE800AF89FD /* Fyreplace.app */,
			);
			name = Products;
			sourceTree = "<group>";
		};
		4D0040EA268EEDE800AF89FD /* Fyreplace */ = {
			isa = PBXGroup;
			children = (
				4D0040F9268EEDE900AF89FD /* Info.plist */,
				4DB316DD26906A940000BDC3 /* Resources */,
				4D00411B268FB49B00AF89FD /* Storyboards */,
				4D00411C268FB4B500AF89FD /* Sources */,
			);
			path = Fyreplace;
			sourceTree = "<group>";
		};
		4D00411B268FB49B00AF89FD /* Storyboards */ = {
			isa = PBXGroup;
			children = (
				4D0040F6268EEDE900AF89FD /* LaunchScreen.storyboard */,
				4D0040F1268EEDE800AF89FD /* Main.storyboard */,
			);
			path = Storyboards;
			sourceTree = "<group>";
		};
		4D00411C268FB4B500AF89FD /* Sources */ = {
			isa = PBXGroup;
			children = (
				4DFAAD1F269F626E00DFAB5F /* Extensions */,
				4D28875E26A7495700D6D3CB /* Data */,
				4DFAAD27269F7CA600DFAB5F /* ViewModels */,
				4D22185C2693AE50007D8CFF /* ViewControllers */,
				4D36CC2F26964B4000BA1675 /* Views */,
				4D0040EB268EEDE800AF89FD /* AppDelegate.swift */,
				4D0040ED268EEDE800AF89FD /* SceneDelegate.swift */,
			);
			path = Sources;
			sourceTree = "<group>";
		};
		4D22185C2693AE50007D8CFF /* ViewControllers */ = {
			isa = PBXGroup;
			children = (
				4D75EC6726B9BA2E00684537 /* ViewModelDelegate+UIViewController.swift */,
				4DCD910826A46F3F0010F8B1 /* SettingsViewController.swift */,
				4D96BF662697A4E700ED9355 /* LoginViewController.swift */,
			);
			path = ViewControllers;
			sourceTree = "<group>";
		};
		4D28875E26A7495700D6D3CB /* Data */ = {
			isa = PBXGroup;
			children = (
				4D28876126A74F7200D6D3CB /* Rpc.swift */,
			);
			path = Data;
			sourceTree = "<group>";
		};
		4D36CC2F26964B4000BA1675 /* Views */ = {
			isa = PBXGroup;
			children = (
				4D96BF642697A2B800ED9355 /* KeyboardDodgingConstraint.swift */,
				4D36CC3026964B5D00BA1675 /* FatButton.swift */,
			);
			path = Views;
			sourceTree = "<group>";
		};
		4D7C984A2691254B00819E3F /* protos */ = {
			isa = PBXGroup;
			children = (
				4D7C98522691254B00819E3F /* .gitignore */,
				4D7C98532691254B00819E3F /* comment.proto */,
				4D7C98512691254B00819E3F /* id.proto */,
				4D7C985C2691254B00819E3F /* image.proto */,
				4D7C984F2691254B00819E3F /* notification.proto */,
				4D7C984C2691254B00819E3F /* pagination.proto */,
				4D7C984D2691254B00819E3F /* post.proto */,
				4D7C985D2691254B00819E3F /* user.proto */,
			);
			path = protos;
			sourceTree = "<group>";
		};
		4DB316DD26906A940000BDC3 /* Resources */ = {
			isa = PBXGroup;
			children = (
				4D0040F4268EEDE900AF89FD /* Assets.xcassets */,
				4DFAAD23269F6D1F00DFAB5F /* Localizable.strings */,
			);
			path = Resources;
			sourceTree = "<group>";
		};
		4DFAAD1F269F626E00DFAB5F /* Extensions */ = {
			isa = PBXGroup;
			children = (
				4DFAAD20269F628200DFAB5F /* String.swift */,
			);
			path = Extensions;
			sourceTree = "<group>";
		};
		4DFAAD27269F7CA600DFAB5F /* ViewModels */ = {
			isa = PBXGroup;
			children = (
				4D0A8D6C26A7FAF8007691C9 /* ViewModel.swift */,
				4DFAAD28269F7CB800DFAB5F /* LoginViewModel.swift */,
			);
			path = ViewModels;
			sourceTree = "<group>";
		};
		958BE3377F98F9B27CCC6D2D /* Frameworks */ = {
			isa = PBXGroup;
			children = (
				4777A1261E1529EE476D77B7 /* Pods_Fyreplace.framework */,
			);
			name = Frameworks;
			sourceTree = "<group>";
		};
		C65EB2DEC8380D9ABD7483E6 /* Pods */ = {
			isa = PBXGroup;
			children = (
				DAFDD2F2A849ABB6085E5533 /* Pods-Fyreplace.debug.xcconfig */,
				92881C69D2E8B8F74E97874F /* Pods-Fyreplace.release.xcconfig */,
			);
			path = Pods;
			sourceTree = "<group>";
		};
/* End PBXGroup section */

/* Begin PBXNativeTarget section */
		4D0040E7268EEDE800AF89FD /* Fyreplace */ = {
			isa = PBXNativeTarget;
			buildConfigurationList = 4D004112268EEDE900AF89FD /* Build configuration list for PBXNativeTarget "Fyreplace" */;
			buildPhases = (
				E5C729B894B38231F2E0EBFF /* [CP] Check Pods Manifest.lock */,
				4D0040E4268EEDE800AF89FD /* Sources */,
				4D0040E5268EEDE800AF89FD /* Frameworks */,
				4D0040E6268EEDE800AF89FD /* Resources */,
				854DB3A2B34738C63CD0812A /* [CP] Embed Pods Frameworks */,
			);
			buildRules = (
				4D7C987826912C2600819E3F /* PBXBuildRule */,
			);
			dependencies = (
			);
			name = Fyreplace;
			productName = Fyreplace;
			productReference = 4D0040E8268EEDE800AF89FD /* Fyreplace.app */;
			productType = "com.apple.product-type.application";
		};
/* End PBXNativeTarget section */

/* Begin PBXProject section */
		4D0040E0268EEDE800AF89FD /* Project object */ = {
			isa = PBXProject;
			attributes = {
				LastSwiftUpdateCheck = 1250;
				LastUpgradeCheck = 1250;
				TargetAttributes = {
					4D0040E7268EEDE800AF89FD = {
						CreatedOnToolsVersion = 12.5.1;
					};
				};
			};
			buildConfigurationList = 4D0040E3268EEDE800AF89FD /* Build configuration list for PBXProject "Fyreplace" */;
			compatibilityVersion = "Xcode 12.0";
			developmentRegion = en;
			hasScannedForEncodings = 0;
			knownRegions = (
				en,
				Base,
				fr,
			);
			mainGroup = 4D0040DF268EEDE800AF89FD;
			productRefGroup = 4D0040E9268EEDE800AF89FD /* Products */;
			projectDirPath = "";
			projectRoot = "";
			targets = (
				4D0040E7268EEDE800AF89FD /* Fyreplace */,
			);
		};
/* End PBXProject section */

/* Begin PBXResourcesBuildPhase section */
		4D0040E6268EEDE800AF89FD /* Resources */ = {
			isa = PBXResourcesBuildPhase;
			buildActionMask = 2147483647;
			files = (
				4D0040F5268EEDE900AF89FD /* Assets.xcassets in Resources */,
				4DFAAD25269F6D1F00DFAB5F /* Localizable.strings in Resources */,
				4D0040F8268EEDE900AF89FD /* LaunchScreen.storyboard in Resources */,
				4D0040F3268EEDE800AF89FD /* Main.storyboard in Resources */,
			);
			runOnlyForDeploymentPostprocessing = 0;
		};
/* End PBXResourcesBuildPhase section */

/* Begin PBXShellScriptBuildPhase section */
		854DB3A2B34738C63CD0812A /* [CP] Embed Pods Frameworks */ = {
			isa = PBXShellScriptBuildPhase;
			buildActionMask = 2147483647;
			files = (
			);
			inputFileListPaths = (
				"${PODS_ROOT}/Target Support Files/Pods-Fyreplace/Pods-Fyreplace-frameworks-${CONFIGURATION}-input-files.xcfilelist",
			);
			name = "[CP] Embed Pods Frameworks";
			outputFileListPaths = (
				"${PODS_ROOT}/Target Support Files/Pods-Fyreplace/Pods-Fyreplace-frameworks-${CONFIGURATION}-output-files.xcfilelist",
			);
			runOnlyForDeploymentPostprocessing = 0;
			shellPath = /bin/sh;
			shellScript = "\"${PODS_ROOT}/Target Support Files/Pods-Fyreplace/Pods-Fyreplace-frameworks.sh\"\n";
			showEnvVarsInLog = 0;
		};
		E5C729B894B38231F2E0EBFF /* [CP] Check Pods Manifest.lock */ = {
			isa = PBXShellScriptBuildPhase;
			buildActionMask = 2147483647;
			files = (
			);
			inputFileListPaths = (
			);
			inputPaths = (
				"${PODS_PODFILE_DIR_PATH}/Podfile.lock",
				"${PODS_ROOT}/Manifest.lock",
			);
			name = "[CP] Check Pods Manifest.lock";
			outputFileListPaths = (
			);
			outputPaths = (
				"$(DERIVED_FILE_DIR)/Pods-Fyreplace-checkManifestLockResult.txt",
			);
			runOnlyForDeploymentPostprocessing = 0;
			shellPath = /bin/sh;
			shellScript = "diff \"${PODS_PODFILE_DIR_PATH}/Podfile.lock\" \"${PODS_ROOT}/Manifest.lock\" > /dev/null\nif [ $? != 0 ] ; then\n    # print error to STDERR\n    echo \"error: The sandbox is not in sync with the Podfile.lock. Run 'pod install' or update your CocoaPods installation.\" >&2\n    exit 1\nfi\n# This output is used by Xcode 'outputs' to avoid re-running this script phase.\necho \"SUCCESS\" > \"${SCRIPT_OUTPUT_FILE_0}\"\n";
			showEnvVarsInLog = 0;
		};
/* End PBXShellScriptBuildPhase section */

/* Begin PBXSourcesBuildPhase section */
		4D0040E4268EEDE800AF89FD /* Sources */ = {
			isa = PBXSourcesBuildPhase;
			buildActionMask = 2147483647;
			files = (
				4D96BF652697A2B800ED9355 /* KeyboardDodgingConstraint.swift in Sources */,
				4D7C987326912ABF00819E3F /* image.proto in Sources */,
				4D36CC3126964B5D00BA1675 /* FatButton.swift in Sources */,
				4D7C987126912ABA00819E3F /* comment.proto in Sources */,
				4DFAAD21269F628200DFAB5F /* String.swift in Sources */,
				4D7C987426912AC200819E3F /* notification.proto in Sources */,
				4D7C987626912AC900819E3F /* post.proto in Sources */,
				4DCD910926A46F3F0010F8B1 /* SettingsViewController.swift in Sources */,
				4D7C987526912AC500819E3F /* pagination.proto in Sources */,
				4D75EC6826B9BA2E00684537 /* ViewModelDelegate+UIViewController.swift in Sources */,
				4DFAAD29269F7CB800DFAB5F /* LoginViewModel.swift in Sources */,
				4D0A8D6D26A7FAF8007691C9 /* ViewModel.swift in Sources */,
				4D7C987226912ABD00819E3F /* id.proto in Sources */,
				4D7C987726912ACC00819E3F /* user.proto in Sources */,
				4D0040EC268EEDE800AF89FD /* AppDelegate.swift in Sources */,
				4D0040EE268EEDE800AF89FD /* SceneDelegate.swift in Sources */,
				4D96BF672697A4E700ED9355 /* LoginViewController.swift in Sources */,
				4D28876226A74F7200D6D3CB /* Rpc.swift in Sources */,
			);
			runOnlyForDeploymentPostprocessing = 0;
		};
/* End PBXSourcesBuildPhase section */

/* Begin PBXVariantGroup section */
		4D0040F1268EEDE800AF89FD /* Main.storyboard */ = {
			isa = PBXVariantGroup;
			children = (
				4D0040F2268EEDE800AF89FD /* Base */,
			);
			name = Main.storyboard;
			sourceTree = "<group>";
		};
		4D0040F6268EEDE900AF89FD /* LaunchScreen.storyboard */ = {
			isa = PBXVariantGroup;
			children = (
				4D0040F7268EEDE900AF89FD /* Base */,
			);
			name = LaunchScreen.storyboard;
			sourceTree = "<group>";
		};
		4DFAAD23269F6D1F00DFAB5F /* Localizable.strings */ = {
			isa = PBXVariantGroup;
			children = (
				4DFAAD24269F6D1F00DFAB5F /* en */,
				4DFAAD26269F6D4800DFAB5F /* Base */,
			);
			name = Localizable.strings;
			sourceTree = "<group>";
		};
/* End PBXVariantGroup section */

/* Begin XCBuildConfiguration section */
		4D004110268EEDE900AF89FD /* Debug */ = {
			isa = XCBuildConfiguration;
			buildSettings = {
				ALWAYS_SEARCH_USER_PATHS = NO;
				CLANG_ANALYZER_NONNULL = YES;
				CLANG_ANALYZER_NUMBER_OBJECT_CONVERSION = YES_AGGRESSIVE;
				CLANG_CXX_LANGUAGE_STANDARD = "gnu++14";
				CLANG_CXX_LIBRARY = "libc++";
				CLANG_ENABLE_MODULES = YES;
				CLANG_ENABLE_OBJC_ARC = YES;
				CLANG_ENABLE_OBJC_WEAK = YES;
				CLANG_WARN_BLOCK_CAPTURE_AUTORELEASING = YES;
				CLANG_WARN_BOOL_CONVERSION = YES;
				CLANG_WARN_COMMA = YES;
				CLANG_WARN_CONSTANT_CONVERSION = YES;
				CLANG_WARN_DEPRECATED_OBJC_IMPLEMENTATIONS = YES;
				CLANG_WARN_DIRECT_OBJC_ISA_USAGE = YES_ERROR;
				CLANG_WARN_DOCUMENTATION_COMMENTS = YES;
				CLANG_WARN_EMPTY_BODY = YES;
				CLANG_WARN_ENUM_CONVERSION = YES;
				CLANG_WARN_INFINITE_RECURSION = YES;
				CLANG_WARN_INT_CONVERSION = YES;
				CLANG_WARN_NON_LITERAL_NULL_CONVERSION = YES;
				CLANG_WARN_OBJC_IMPLICIT_RETAIN_SELF = YES;
				CLANG_WARN_OBJC_LITERAL_CONVERSION = YES;
				CLANG_WARN_OBJC_ROOT_CLASS = YES_ERROR;
				CLANG_WARN_QUOTED_INCLUDE_IN_FRAMEWORK_HEADER = YES;
				CLANG_WARN_RANGE_LOOP_ANALYSIS = YES;
				CLANG_WARN_STRICT_PROTOTYPES = YES;
				CLANG_WARN_SUSPICIOUS_MOVE = YES;
				CLANG_WARN_UNGUARDED_AVAILABILITY = YES_AGGRESSIVE;
				CLANG_WARN_UNREACHABLE_CODE = YES;
				CLANG_WARN__DUPLICATE_METHOD_MATCH = YES;
				COPY_PHASE_STRIP = NO;
				DEBUG_INFORMATION_FORMAT = dwarf;
				ENABLE_STRICT_OBJC_MSGSEND = YES;
				ENABLE_TESTABILITY = YES;
				GCC_C_LANGUAGE_STANDARD = gnu11;
				GCC_DYNAMIC_NO_PIC = NO;
				GCC_NO_COMMON_BLOCKS = YES;
				GCC_OPTIMIZATION_LEVEL = 0;
				GCC_PREPROCESSOR_DEFINITIONS = (
					"DEBUG=1",
					"$(inherited)",
				);
				GCC_WARN_64_TO_32_BIT_CONVERSION = YES;
				GCC_WARN_ABOUT_RETURN_TYPE = YES_ERROR;
				GCC_WARN_UNDECLARED_SELECTOR = YES;
				GCC_WARN_UNINITIALIZED_AUTOS = YES_AGGRESSIVE;
				GCC_WARN_UNUSED_FUNCTION = YES;
				GCC_WARN_UNUSED_VARIABLE = YES;
				IPHONEOS_DEPLOYMENT_TARGET = 12.3;
				MTL_ENABLE_DEBUG_INFO = INCLUDE_SOURCE;
				MTL_FAST_MATH = YES;
				ONLY_ACTIVE_ARCH = YES;
				SDKROOT = iphoneos;
				SWIFT_ACTIVE_COMPILATION_CONDITIONS = DEBUG;
				SWIFT_OPTIMIZATION_LEVEL = "-Onone";
			};
			name = Debug;
		};
		4D004111268EEDE900AF89FD /* Release */ = {
			isa = XCBuildConfiguration;
			buildSettings = {
				ALWAYS_SEARCH_USER_PATHS = NO;
				CLANG_ANALYZER_NONNULL = YES;
				CLANG_ANALYZER_NUMBER_OBJECT_CONVERSION = YES_AGGRESSIVE;
				CLANG_CXX_LANGUAGE_STANDARD = "gnu++14";
				CLANG_CXX_LIBRARY = "libc++";
				CLANG_ENABLE_MODULES = YES;
				CLANG_ENABLE_OBJC_ARC = YES;
				CLANG_ENABLE_OBJC_WEAK = YES;
				CLANG_WARN_BLOCK_CAPTURE_AUTORELEASING = YES;
				CLANG_WARN_BOOL_CONVERSION = YES;
				CLANG_WARN_COMMA = YES;
				CLANG_WARN_CONSTANT_CONVERSION = YES;
				CLANG_WARN_DEPRECATED_OBJC_IMPLEMENTATIONS = YES;
				CLANG_WARN_DIRECT_OBJC_ISA_USAGE = YES_ERROR;
				CLANG_WARN_DOCUMENTATION_COMMENTS = YES;
				CLANG_WARN_EMPTY_BODY = YES;
				CLANG_WARN_ENUM_CONVERSION = YES;
				CLANG_WARN_INFINITE_RECURSION = YES;
				CLANG_WARN_INT_CONVERSION = YES;
				CLANG_WARN_NON_LITERAL_NULL_CONVERSION = YES;
				CLANG_WARN_OBJC_IMPLICIT_RETAIN_SELF = YES;
				CLANG_WARN_OBJC_LITERAL_CONVERSION = YES;
				CLANG_WARN_OBJC_ROOT_CLASS = YES_ERROR;
				CLANG_WARN_QUOTED_INCLUDE_IN_FRAMEWORK_HEADER = YES;
				CLANG_WARN_RANGE_LOOP_ANALYSIS = YES;
				CLANG_WARN_STRICT_PROTOTYPES = YES;
				CLANG_WARN_SUSPICIOUS_MOVE = YES;
				CLANG_WARN_UNGUARDED_AVAILABILITY = YES_AGGRESSIVE;
				CLANG_WARN_UNREACHABLE_CODE = YES;
				CLANG_WARN__DUPLICATE_METHOD_MATCH = YES;
				COPY_PHASE_STRIP = NO;
				DEBUG_INFORMATION_FORMAT = "dwarf-with-dsym";
				ENABLE_NS_ASSERTIONS = NO;
				ENABLE_STRICT_OBJC_MSGSEND = YES;
				GCC_C_LANGUAGE_STANDARD = gnu11;
				GCC_NO_COMMON_BLOCKS = YES;
				GCC_WARN_64_TO_32_BIT_CONVERSION = YES;
				GCC_WARN_ABOUT_RETURN_TYPE = YES_ERROR;
				GCC_WARN_UNDECLARED_SELECTOR = YES;
				GCC_WARN_UNINITIALIZED_AUTOS = YES_AGGRESSIVE;
				GCC_WARN_UNUSED_FUNCTION = YES;
				GCC_WARN_UNUSED_VARIABLE = YES;
				IPHONEOS_DEPLOYMENT_TARGET = 12.3;
				MTL_ENABLE_DEBUG_INFO = NO;
				MTL_FAST_MATH = YES;
				SDKROOT = iphoneos;
				SWIFT_COMPILATION_MODE = wholemodule;
				SWIFT_OPTIMIZATION_LEVEL = "-O";
				VALIDATE_PRODUCT = YES;
			};
			name = Release;
		};
		4D004113268EEDE900AF89FD /* Debug */ = {
			isa = XCBuildConfiguration;
			baseConfigurationReference = DAFDD2F2A849ABB6085E5533 /* Pods-Fyreplace.debug.xcconfig */;
			buildSettings = {
				ASSETCATALOG_COMPILER_APPICON_NAME = AppIcon;
				ASSETCATALOG_COMPILER_GLOBAL_ACCENT_COLOR_NAME = AccentColor;
				CODE_SIGN_STYLE = Automatic;
				CURRENT_PROJECT_VERSION = 0.0.1;
				DEVELOPMENT_TEAM = T4HRKJYDTW;
				FYREPLACE_API_HOST = localhost;
				FYREPLACE_API_PORT = 50051;
				INFOPLIST_FILE = Fyreplace/Info.plist;
				LD_RUNPATH_SEARCH_PATHS = (
					"$(inherited)",
					"@executable_path/Frameworks",
				);
				MARKETING_VERSION = 0.0.1;
				PRODUCT_BUNDLE_IDENTIFIER = app.fyreplace.client;
				PRODUCT_NAME = "$(TARGET_NAME)";
				SWIFT_VERSION = 5.0;
				TARGETED_DEVICE_FAMILY = "1,2";
			};
			name = Debug;
		};
		4D004114268EEDE900AF89FD /* Release */ = {
			isa = XCBuildConfiguration;
			baseConfigurationReference = 92881C69D2E8B8F74E97874F /* Pods-Fyreplace.release.xcconfig */;
			buildSettings = {
				ASSETCATALOG_COMPILER_APPICON_NAME = AppIcon;
				ASSETCATALOG_COMPILER_GLOBAL_ACCENT_COLOR_NAME = AccentColor;
				CODE_SIGN_STYLE = Automatic;
				CURRENT_PROJECT_VERSION = 0.0.1;
				DEVELOPMENT_TEAM = T4HRKJYDTW;
				FYREPLACE_API_HOST = api.fyreplace.app;
				FYREPLACE_API_PORT = 443;
				INFOPLIST_FILE = Fyreplace/Info.plist;
				LD_RUNPATH_SEARCH_PATHS = (
					"$(inherited)",
					"@executable_path/Frameworks",
				);
				MARKETING_VERSION = 0.0.1;
				PRODUCT_BUNDLE_IDENTIFIER = app.fyreplace.client;
				PRODUCT_NAME = "$(TARGET_NAME)";
				SWIFT_VERSION = 5.0;
				TARGETED_DEVICE_FAMILY = "1,2";
			};
			name = Release;
		};
/* End XCBuildConfiguration section */

/* Begin XCConfigurationList section */
		4D0040E3268EEDE800AF89FD /* Build configuration list for PBXProject "Fyreplace" */ = {
			isa = XCConfigurationList;
			buildConfigurations = (
				4D004110268EEDE900AF89FD /* Debug */,
				4D004111268EEDE900AF89FD /* Release */,
			);
			defaultConfigurationIsVisible = 0;
			defaultConfigurationName = Release;
		};
		4D004112268EEDE900AF89FD /* Build configuration list for PBXNativeTarget "Fyreplace" */ = {
			isa = XCConfigurationList;
			buildConfigurations = (
				4D004113268EEDE900AF89FD /* Debug */,
				4D004114268EEDE900AF89FD /* Release */,
			);
			defaultConfigurationIsVisible = 0;
			defaultConfigurationName = Release;
		};
/* End XCConfigurationList section */
	};
	rootObject = 4D0040E0268EEDE800AF89FD /* Project object */;
}
