// !$*UTF8*$!
{
	archiveVersion = 1;
	classes = {
	};
	objectVersion = 77;
	objects = {

/* Begin PBXBuildFile section */
		4D060BBF2C907FA4008C32D1 /* NavigationProtocol.swift in Sources */ = {isa = PBXBuildFile; fileRef = 4D060BBE2C907FA3008C32D1 /* NavigationProtocol.swift */; };
		4D0DDC262C188869006CD503 /* SentrySwiftUI in Frameworks */ = {isa = PBXBuildFile; productRef = 4D0DDC252C188869006CD503 /* SentrySwiftUI */; };
		4D13AF622C482F1C00845FDB /* OpenAPIRuntime in Frameworks */ = {isa = PBXBuildFile; productRef = 4D13AF612C482F1C00845FDB /* OpenAPIRuntime */; };
		4D13AF652C482F4500845FDB /* OpenAPIURLSession in Frameworks */ = {isa = PBXBuildFile; productRef = 4D13AF642C482F4500845FDB /* OpenAPIURLSession */; };
		4D13AF692C482FE400845FDB /* openapi.yaml in Resources */ = {isa = PBXBuildFile; fileRef = 4D13AF682C482FE300845FDB /* openapi.yaml */; };
		4D13AF6B2C48301600845FDB /* openapi-generator-config.yaml in Resources */ = {isa = PBXBuildFile; fileRef = 4D13AF6A2C48301600845FDB /* openapi-generator-config.yaml */; };
		4D13AF722C492E7200845FDB /* .gitignore in Resources */ = {isa = PBXBuildFile; fileRef = 4D13AF712C492E7200845FDB /* .gitignore */; };
		4D13AF752C492F4500845FDB /* Config.sh in Resources */ = {isa = PBXBuildFile; fileRef = 4D13AF742C492F4500845FDB /* Config.sh */; };
		4D13AF7B2C4E8F4200845FDB /* EnvironmentPicker.swift in Sources */ = {isa = PBXBuildFile; fileRef = 4D13AF7A2C4E8F4200845FDB /* EnvironmentPicker.swift */; };
		4D13AF812C4E907200845FDB /* Environment.swift in Sources */ = {isa = PBXBuildFile; fileRef = 4D13AF802C4E907200845FDB /* Environment.swift */; };
		4D30D7232CCFAF4E0071B03F /* EmailsScreenProtocol.swift in Sources */ = {isa = PBXBuildFile; fileRef = 4D30D7222CCFAF440071B03F /* EmailsScreenProtocol.swift */; };
		4D30D7262CCFB01B0071B03F /* EmailsScreen.swift in Sources */ = {isa = PBXBuildFile; fileRef = 4D30D7252CCFB0170071B03F /* EmailsScreen.swift */; };
		4D30DA5F2C986B6C00499450 /* Avatar.swift in Sources */ = {isa = PBXBuildFile; fileRef = 4D30DA5E2C986B6C00499450 /* Avatar.swift */; };
		4D30DA612C98706C00499450 /* Placeholders.swift in Sources */ = {isa = PBXBuildFile; fileRef = 4D30DA602C98706C00499450 /* Placeholders.swift */; };
		4D351AEB2CA6BD45002EEB8F /* SettingsScreenTests.swift in Sources */ = {isa = PBXBuildFile; fileRef = 4D351AEA2CA6BD3A002EEB8F /* SettingsScreenTests.swift */; };
		4D351AED2CA6BE2D002EEB8F /* FakeScreenBase.swift in Sources */ = {isa = PBXBuildFile; fileRef = 4D351AEC2CA6BE27002EEB8F /* FakeScreenBase.swift */; };
		4D39A4C82BF516B7003FA52E /* Localizable.xcstrings in Resources */ = {isa = PBXBuildFile; fileRef = 4D39A4C72BF516B7003FA52E /* Localizable.xcstrings */; };
		4D40ACB42CC3ECBC00B26FDF /* OpenAPI.swift in Sources */ = {isa = PBXBuildFile; fileRef = 4D40ACB32CC3ECB300B26FDF /* OpenAPI.swift */; };
		4D4AF71C2C7CE72900621FF3 /* Tokens.swift in Sources */ = {isa = PBXBuildFile; fileRef = 4D4AF71B2C7CE72900621FF3 /* Tokens.swift */; };
		4D4D394A2C086DA2007196D2 /* PublishedScreen.swift in Sources */ = {isa = PBXBuildFile; fileRef = 4D4D39492C086DA2007196D2 /* PublishedScreen.swift */; };
		4D51F2802C621ADB0018E76E /* ViewProtocol.swift in Sources */ = {isa = PBXBuildFile; fileRef = 4D51F27F2C621ADB0018E76E /* ViewProtocol.swift */; };
		4D51F2842C621B8D0018E76E /* EventBus.swift in Sources */ = {isa = PBXBuildFile; fileRef = 4D51F2832C621B8D0018E76E /* EventBus.swift */; };
		4D51F2862C6232A30018E76E /* Event.swift in Sources */ = {isa = PBXBuildFile; fileRef = 4D51F2852C6232A30018E76E /* Event.swift */; };
		4D5251EC2C1097A600018CD2 /* Destination.swift in Sources */ = {isa = PBXBuildFile; fileRef = 4D5251EB2C1097A600018CD2 /* Destination.swift */; };
		4D5251EF2C1098E900018CD2 /* MultiChoiceScreen.swift in Sources */ = {isa = PBXBuildFile; fileRef = 4D5251EE2C1098E900018CD2 /* MultiChoiceScreen.swift */; };
		4D5251F12C109D0D00018CD2 /* Screen.swift in Sources */ = {isa = PBXBuildFile; fileRef = 4D5251F02C109D0D00018CD2 /* Screen.swift */; };
		4D5251F52C10A9F100018CD2 /* DynamicNavigation.swift in Sources */ = {isa = PBXBuildFile; fileRef = 4D5251F42C10A9F100018CD2 /* DynamicNavigation.swift */; };
		4D5348612C6646F80001EFDE /* StoringEventBus.swift in Sources */ = {isa = PBXBuildFile; fileRef = 4D5348602C6646F80001EFDE /* StoringEventBus.swift */; };
		4D54C92C2BF2608A001DE071 /* FyreplaceApp.swift in Sources */ = {isa = PBXBuildFile; fileRef = 4D54C92B2BF2608A001DE071 /* FyreplaceApp.swift */; };
		4D54C92E2BF2608A001DE071 /* MainView.swift in Sources */ = {isa = PBXBuildFile; fileRef = 4D54C92D2BF2608A001DE071 /* MainView.swift */; };
		4D54C9302BF2608F001DE071 /* Assets.xcassets in Resources */ = {isa = PBXBuildFile; fileRef = 4D54C92F2BF2608F001DE071 /* Assets.xcassets */; };
		4D54C9342BF2608F001DE071 /* Preview Assets.xcassets in Resources */ = {isa = PBXBuildFile; fileRef = 4D54C9332BF2608F001DE071 /* Preview Assets.xcassets */; };
		4D54C9692BF4E8F4001DE071 /* FeedScreen.swift in Sources */ = {isa = PBXBuildFile; fileRef = 4D54C9682BF4E8F4001DE071 /* FeedScreen.swift */; };
		4D54C96B2BF4E97E001DE071 /* NotificationsScreen.swift in Sources */ = {isa = PBXBuildFile; fileRef = 4D54C96A2BF4E97E001DE071 /* NotificationsScreen.swift */; };
		4D54C96D2BF4E9BE001DE071 /* ArchiveScreen.swift in Sources */ = {isa = PBXBuildFile; fileRef = 4D54C96C2BF4E9BE001DE071 /* ArchiveScreen.swift */; };
		4D54C96F2BF4E9DF001DE071 /* DraftsScreen.swift in Sources */ = {isa = PBXBuildFile; fileRef = 4D54C96E2BF4E9DF001DE071 /* DraftsScreen.swift */; };
		4D54C9712BF4EA15001DE071 /* SettingsScreen.swift in Sources */ = {isa = PBXBuildFile; fileRef = 4D54C9702BF4EA15001DE071 /* SettingsScreen.swift */; };
		4D6A24DD2CAC193F001B4435 /* EditableAvatar.swift in Sources */ = {isa = PBXBuildFile; fileRef = 4D6A24DC2CAC192F001B4435 /* EditableAvatar.swift */; };
		4D7F9CC22C259C30007B1CC3 /* PrivacyInfo.xcprivacy in Resources */ = {isa = PBXBuildFile; fileRef = 4D7F9CC12C259C00007B1CC3 /* PrivacyInfo.xcprivacy */; };
		4D9B3B382C334B3A00A8F7AD /* LoginScreen.swift in Sources */ = {isa = PBXBuildFile; fileRef = 4D9B3B372C334B3A00A8F7AD /* LoginScreen.swift */; };
		4D9B3B3A2C334B6300A8F7AD /* RegisterScreen.swift in Sources */ = {isa = PBXBuildFile; fileRef = 4D9B3B392C334B6300A8F7AD /* RegisterScreen.swift */; };
		4D9B3B3D2C34B13E00A8F7AD /* LogoHeader.swift in Sources */ = {isa = PBXBuildFile; fileRef = 4D9B3B3C2C34B13E00A8F7AD /* LogoHeader.swift */; };
		4D9B3B452C36F46F00A8F7AD /* SwiftUI.swift in Sources */ = {isa = PBXBuildFile; fileRef = 4D9B3B442C36F46F00A8F7AD /* SwiftUI.swift */; };
		4D9DC5032C11BF2500BA0507 /* Config.swift in Sources */ = {isa = PBXBuildFile; fileRef = 4D9DC5022C11BF2500BA0507 /* Config.swift */; };
		4DA04EE22CAEEAD800B70D73 /* Foundation.swift in Sources */ = {isa = PBXBuildFile; fileRef = 4DA04EE12CAEEAD100B70D73 /* Foundation.swift */; };
		4DA7BFB72C5FD479005CC4FF /* PerformanceTests.swift in Sources */ = {isa = PBXBuildFile; fileRef = 4DA7BFB62C5FD479005CC4FF /* PerformanceTests.swift */; };
		4DA7BFBB2C5FDEC1005CC4FF /* FakeClient.swift in Sources */ = {isa = PBXBuildFile; fileRef = 4DA7BFBA2C5FDEC1005CC4FF /* FakeClient.swift */; };
		4DB10B502C4FEBFC00634BF6 /* HelpCommands.swift in Sources */ = {isa = PBXBuildFile; fileRef = 4DB10B4F2C4FEBFC00634BF6 /* HelpCommands.swift */; };
		4DB2E36D2C416611007F958D /* SubmitButton.swift in Sources */ = {isa = PBXBuildFile; fileRef = 4DB2E36C2C416611007F958D /* SubmitButton.swift */; };
		4DB2E36F2C418F5C007F958D /* DynamicForm.swift in Sources */ = {isa = PBXBuildFile; fileRef = 4DB2E36E2C418F5C007F958D /* DynamicForm.swift */; };
		4DB367BC2CE364C300853CFE /* EmailsScreenTests.swift in Sources */ = {isa = PBXBuildFile; fileRef = 4DB367BB2CE364BC00853CFE /* EmailsScreenTests.swift */; };
		4DC5B1CA2C6FA23000B75A07 /* LoginScreenProtocol.swift in Sources */ = {isa = PBXBuildFile; fileRef = 4DC5B1C92C6FA23000B75A07 /* LoginScreenProtocol.swift */; };
		4DC5B1CD2C6FA28E00B75A07 /* RegisterScreenProtocol.swift in Sources */ = {isa = PBXBuildFile; fileRef = 4DC5B1CC2C6FA28E00B75A07 /* RegisterScreenProtocol.swift */; };
		4DC5B1CF2C6FA2BE00B75A07 /* MainViewProtocol.swift in Sources */ = {isa = PBXBuildFile; fileRef = 4DC5B1CE2C6FA2BE00B75A07 /* MainViewProtocol.swift */; };
		4DC5B1D62C6FEA2100B75A07 /* Keychain.swift in Sources */ = {isa = PBXBuildFile; fileRef = 4DC5B1D52C6FEA2100B75A07 /* Keychain.swift */; };
		4DC5B1D92C720B9800B75A07 /* AuthenticationMiddleware.swift in Sources */ = {isa = PBXBuildFile; fileRef = 4DC5B1D82C720B9800B75A07 /* AuthenticationMiddleware.swift */; };
		4DC5B1E02C7277B300B75A07 /* AuthenticatingScreen.swift in Sources */ = {isa = PBXBuildFile; fileRef = 4DC5B1DF2C7277B300B75A07 /* AuthenticatingScreen.swift */; };
		4DC5B1F42C7A137B00B75A07 /* SettingsScreenProtocol.swift in Sources */ = {isa = PBXBuildFile; fileRef = 4DC5B1F32C7A137B00B75A07 /* SettingsScreenProtocol.swift */; };
		4DC5B1F72C7A2F3700B75A07 /* EnvironmentView.swift in Sources */ = {isa = PBXBuildFile; fileRef = 4DC5B1F62C7A2F3700B75A07 /* EnvironmentView.swift */; };
		4DCE062B2C08E5E200F69AF1 /* CompactNavigation.swift in Sources */ = {isa = PBXBuildFile; fileRef = 4DCE062A2C08E5E200F69AF1 /* CompactNavigation.swift */; };
		4DCE062D2C08E65300F69AF1 /* RegularNavigation.swift in Sources */ = {isa = PBXBuildFile; fileRef = 4DCE062C2C08E65300F69AF1 /* RegularNavigation.swift */; };
		4DE140CD2C52688000A699AE /* DestinationCommands.swift in Sources */ = {isa = PBXBuildFile; fileRef = 4DE140CC2C52687F00A699AE /* DestinationCommands.swift */; };
		4DE785852C88EF8C000EC4E5 /* RequestIdMiddleware.swift in Sources */ = {isa = PBXBuildFile; fileRef = 4DE785842C88EF8C000EC4E5 /* RequestIdMiddleware.swift */; };
		4DE785882C88F392000EC4E5 /* HTTPTypes.swift in Sources */ = {isa = PBXBuildFile; fileRef = 4DE785872C88F392000EC4E5 /* HTTPTypes.swift */; };
		4DE785952C8B17AE000EC4E5 /* SubmitOrCancel.swift in Sources */ = {isa = PBXBuildFile; fileRef = 4DE785942C8B17AE000EC4E5 /* SubmitOrCancel.swift */; };
		4DFB90702C5908DE00D4DABF /* LoginScreenTests.swift in Sources */ = {isa = PBXBuildFile; fileRef = 4DFB906F2C5908DE00D4DABF /* LoginScreenTests.swift */; };
		4DFB90762C59173C00D4DABF /* RegisterScreenTests.swift in Sources */ = {isa = PBXBuildFile; fileRef = 4DFB90752C59173C00D4DABF /* RegisterScreenTests.swift */; };
		4DFDBC102CD1080000CCDA4A /* DynamicList.swift in Sources */ = {isa = PBXBuildFile; fileRef = 4DFDBC0E2CD107FC00CCDA4A /* DynamicList.swift */; };
/* End PBXBuildFile section */

/* Begin PBXContainerItemProxy section */
		4D54C93A2BF26090001DE071 /* PBXContainerItemProxy */ = {
			isa = PBXContainerItemProxy;
			containerPortal = 4D54C9202BF2608A001DE071 /* Project object */;
			proxyType = 1;
			remoteGlobalIDString = 4D54C9272BF2608A001DE071;
			remoteInfo = Fyreplace;
		};
		4D54C9442BF26090001DE071 /* PBXContainerItemProxy */ = {
			isa = PBXContainerItemProxy;
			containerPortal = 4D54C9202BF2608A001DE071 /* Project object */;
			proxyType = 1;
			remoteGlobalIDString = 4D54C9272BF2608A001DE071;
			remoteInfo = Fyreplace;
		};
/* End PBXContainerItemProxy section */

/* Begin PBXFileReference section */
		4D060BBE2C907FA3008C32D1 /* NavigationProtocol.swift */ = {isa = PBXFileReference; lastKnownFileType = sourcecode.swift; path = NavigationProtocol.swift; sourceTree = "<group>"; };
		4D0DDC292C18A467006CD503 /* .xcode-version */ = {isa = PBXFileReference; lastKnownFileType = text; path = ".xcode-version"; sourceTree = "<group>"; };
		4D13AF682C482FE300845FDB /* openapi.yaml */ = {isa = PBXFileReference; fileEncoding = 4; lastKnownFileType = text.yaml; path = openapi.yaml; sourceTree = "<group>"; };
		4D13AF6A2C48301600845FDB /* openapi-generator-config.yaml */ = {isa = PBXFileReference; lastKnownFileType = text.yaml; path = "openapi-generator-config.yaml"; sourceTree = "<group>"; };
		4D13AF6F2C4916AF00845FDB /* trust-openapi-plugin.sh */ = {isa = PBXFileReference; lastKnownFileType = text.script.sh; path = "trust-openapi-plugin.sh"; sourceTree = "<group>"; };
		4D13AF702C49179D00845FDB /* get-fingerprint.js */ = {isa = PBXFileReference; lastKnownFileType = sourcecode.javascript; path = "get-fingerprint.js"; sourceTree = "<group>"; };
		4D13AF712C492E7200845FDB /* .gitignore */ = {isa = PBXFileReference; lastKnownFileType = text; path = .gitignore; sourceTree = "<group>"; };
		4D13AF732C492E8E00845FDB /* Config.release.xcconfig */ = {isa = PBXFileReference; lastKnownFileType = text.xcconfig; path = Config.release.xcconfig; sourceTree = "<group>"; };
		4D13AF742C492F4500845FDB /* Config.sh */ = {isa = PBXFileReference; lastKnownFileType = text.script.sh; path = Config.sh; sourceTree = "<group>"; };
		4D13AF7A2C4E8F4200845FDB /* EnvironmentPicker.swift */ = {isa = PBXFileReference; lastKnownFileType = sourcecode.swift; path = EnvironmentPicker.swift; sourceTree = "<group>"; };
		4D13AF802C4E907200845FDB /* Environment.swift */ = {isa = PBXFileReference; lastKnownFileType = sourcecode.swift; path = Environment.swift; sourceTree = "<group>"; };
		4D30D7222CCFAF440071B03F /* EmailsScreenProtocol.swift */ = {isa = PBXFileReference; lastKnownFileType = sourcecode.swift; path = EmailsScreenProtocol.swift; sourceTree = "<group>"; };
		4D30D7252CCFB0170071B03F /* EmailsScreen.swift */ = {isa = PBXFileReference; lastKnownFileType = sourcecode.swift; path = EmailsScreen.swift; sourceTree = "<group>"; };
		4D30DA5E2C986B6C00499450 /* Avatar.swift */ = {isa = PBXFileReference; lastKnownFileType = sourcecode.swift; path = Avatar.swift; sourceTree = "<group>"; };
		4D30DA602C98706C00499450 /* Placeholders.swift */ = {isa = PBXFileReference; lastKnownFileType = sourcecode.swift; path = Placeholders.swift; sourceTree = "<group>"; };
		4D351AEA2CA6BD3A002EEB8F /* SettingsScreenTests.swift */ = {isa = PBXFileReference; lastKnownFileType = sourcecode.swift; path = SettingsScreenTests.swift; sourceTree = "<group>"; };
		4D351AEC2CA6BE27002EEB8F /* FakeScreenBase.swift */ = {isa = PBXFileReference; lastKnownFileType = sourcecode.swift; path = FakeScreenBase.swift; sourceTree = "<group>"; };
		4D39A4C72BF516B7003FA52E /* Localizable.xcstrings */ = {isa = PBXFileReference; lastKnownFileType = text.json.xcstrings; path = Localizable.xcstrings; sourceTree = "<group>"; };
		4D40ACB32CC3ECB300B26FDF /* OpenAPI.swift */ = {isa = PBXFileReference; lastKnownFileType = sourcecode.swift; path = OpenAPI.swift; sourceTree = "<group>"; };
		4D4AF71B2C7CE72900621FF3 /* Tokens.swift */ = {isa = PBXFileReference; lastKnownFileType = sourcecode.swift; path = Tokens.swift; sourceTree = "<group>"; };
		4D4D39492C086DA2007196D2 /* PublishedScreen.swift */ = {isa = PBXFileReference; lastKnownFileType = sourcecode.swift; path = PublishedScreen.swift; sourceTree = "<group>"; };
		4D51F27F2C621ADB0018E76E /* ViewProtocol.swift */ = {isa = PBXFileReference; lastKnownFileType = sourcecode.swift; path = ViewProtocol.swift; sourceTree = "<group>"; };
		4D51F2832C621B8D0018E76E /* EventBus.swift */ = {isa = PBXFileReference; lastKnownFileType = sourcecode.swift; path = EventBus.swift; sourceTree = "<group>"; };
		4D51F2852C6232A30018E76E /* Event.swift */ = {isa = PBXFileReference; lastKnownFileType = sourcecode.swift; path = Event.swift; sourceTree = "<group>"; };
		4D5251A22C0A78F800018CD2 /* .gitignore */ = {isa = PBXFileReference; lastKnownFileType = text; path = .gitignore; sourceTree = "<group>"; };
		4D5251EB2C1097A600018CD2 /* Destination.swift */ = {isa = PBXFileReference; lastKnownFileType = sourcecode.swift; path = Destination.swift; sourceTree = "<group>"; };
		4D5251EE2C1098E900018CD2 /* MultiChoiceScreen.swift */ = {isa = PBXFileReference; lastKnownFileType = sourcecode.swift; path = MultiChoiceScreen.swift; sourceTree = "<group>"; };
		4D5251F02C109D0D00018CD2 /* Screen.swift */ = {isa = PBXFileReference; lastKnownFileType = sourcecode.swift; path = Screen.swift; sourceTree = "<group>"; };
		4D5251F42C10A9F100018CD2 /* DynamicNavigation.swift */ = {isa = PBXFileReference; lastKnownFileType = sourcecode.swift; path = DynamicNavigation.swift; sourceTree = "<group>"; };
		4D5348602C6646F80001EFDE /* StoringEventBus.swift */ = {isa = PBXFileReference; lastKnownFileType = sourcecode.swift; path = StoringEventBus.swift; sourceTree = "<group>"; };
		4D54C9282BF2608A001DE071 /* Fyreplace.app */ = {isa = PBXFileReference; explicitFileType = wrapper.application; includeInIndex = 0; path = Fyreplace.app; sourceTree = BUILT_PRODUCTS_DIR; };
		4D54C92B2BF2608A001DE071 /* FyreplaceApp.swift */ = {isa = PBXFileReference; lastKnownFileType = sourcecode.swift; path = FyreplaceApp.swift; sourceTree = "<group>"; };
		4D54C92D2BF2608A001DE071 /* MainView.swift */ = {isa = PBXFileReference; lastKnownFileType = sourcecode.swift; path = MainView.swift; sourceTree = "<group>"; };
		4D54C92F2BF2608F001DE071 /* Assets.xcassets */ = {isa = PBXFileReference; lastKnownFileType = folder.assetcatalog; path = Assets.xcassets; sourceTree = "<group>"; };
		4D54C9312BF2608F001DE071 /* Fyreplace.release.entitlements */ = {isa = PBXFileReference; lastKnownFileType = text.plist.entitlements; path = Fyreplace.release.entitlements; sourceTree = "<group>"; };
		4D54C9332BF2608F001DE071 /* Preview Assets.xcassets */ = {isa = PBXFileReference; lastKnownFileType = folder.assetcatalog; path = "Preview Assets.xcassets"; sourceTree = "<group>"; };
		4D54C9392BF26090001DE071 /* FyreplaceTests.xctest */ = {isa = PBXFileReference; explicitFileType = wrapper.cfbundle; includeInIndex = 0; path = FyreplaceTests.xctest; sourceTree = BUILT_PRODUCTS_DIR; };
		4D54C9432BF26090001DE071 /* FyreplaceUITests.xctest */ = {isa = PBXFileReference; explicitFileType = wrapper.cfbundle; includeInIndex = 0; path = FyreplaceUITests.xctest; sourceTree = BUILT_PRODUCTS_DIR; };
		4D54C9572BF266F9001DE071 /* COPYING.txt */ = {isa = PBXFileReference; lastKnownFileType = text; path = COPYING.txt; sourceTree = "<group>"; };
		4D54C9582BF266F9001DE071 /* README.md */ = {isa = PBXFileReference; lastKnownFileType = net.daringfireball.markdown; path = README.md; sourceTree = "<group>"; };
		4D54C9592BF266F9001DE071 /* Makefile */ = {isa = PBXFileReference; lastKnownFileType = sourcecode.make; path = Makefile; sourceTree = "<group>"; };
		4D54C95A2BF266F9001DE071 /* publishing.yml */ = {isa = PBXFileReference; lastKnownFileType = text.yaml; path = publishing.yml; sourceTree = "<group>"; };
		4D54C9612BF28458001DE071 /* Config.xcconfig */ = {isa = PBXFileReference; lastKnownFileType = text.xcconfig; path = Config.xcconfig; sourceTree = "<group>"; };
		4D54C9622BF28592001DE071 /* Fyreplace.debug.entitlements */ = {isa = PBXFileReference; lastKnownFileType = text.plist.entitlements; path = Fyreplace.debug.entitlements; sourceTree = "<group>"; };
		4D54C9632BF28695001DE071 /* .gitignore */ = {isa = PBXFileReference; lastKnownFileType = text; path = .gitignore; sourceTree = "<group>"; };
		4D54C9682BF4E8F4001DE071 /* FeedScreen.swift */ = {isa = PBXFileReference; lastKnownFileType = sourcecode.swift; path = FeedScreen.swift; sourceTree = "<group>"; };
		4D54C96A2BF4E97E001DE071 /* NotificationsScreen.swift */ = {isa = PBXFileReference; lastKnownFileType = sourcecode.swift; path = NotificationsScreen.swift; sourceTree = "<group>"; };
		4D54C96C2BF4E9BE001DE071 /* ArchiveScreen.swift */ = {isa = PBXFileReference; lastKnownFileType = sourcecode.swift; path = ArchiveScreen.swift; sourceTree = "<group>"; };
		4D54C96E2BF4E9DF001DE071 /* DraftsScreen.swift */ = {isa = PBXFileReference; lastKnownFileType = sourcecode.swift; path = DraftsScreen.swift; sourceTree = "<group>"; };
		4D54C9702BF4EA15001DE071 /* SettingsScreen.swift */ = {isa = PBXFileReference; lastKnownFileType = sourcecode.swift; path = SettingsScreen.swift; sourceTree = "<group>"; };
		4D6641DB2C5B963500BE3D07 /* .ios-test-version */ = {isa = PBXFileReference; lastKnownFileType = text; path = ".ios-test-version"; sourceTree = "<group>"; };
		4D6A24DC2CAC192F001B4435 /* EditableAvatar.swift */ = {isa = PBXFileReference; lastKnownFileType = sourcecode.swift; path = EditableAvatar.swift; sourceTree = "<group>"; };
		4D7F9CC12C259C00007B1CC3 /* PrivacyInfo.xcprivacy */ = {isa = PBXFileReference; lastKnownFileType = text.xml; path = PrivacyInfo.xcprivacy; sourceTree = "<group>"; };
		4D9B3B372C334B3A00A8F7AD /* LoginScreen.swift */ = {isa = PBXFileReference; lastKnownFileType = sourcecode.swift; path = LoginScreen.swift; sourceTree = "<group>"; };
		4D9B3B392C334B6300A8F7AD /* RegisterScreen.swift */ = {isa = PBXFileReference; lastKnownFileType = sourcecode.swift; path = RegisterScreen.swift; sourceTree = "<group>"; };
		4D9B3B3C2C34B13E00A8F7AD /* LogoHeader.swift */ = {isa = PBXFileReference; lastKnownFileType = sourcecode.swift; path = LogoHeader.swift; sourceTree = "<group>"; };
		4D9B3B442C36F46F00A8F7AD /* SwiftUI.swift */ = {isa = PBXFileReference; lastKnownFileType = sourcecode.swift; path = SwiftUI.swift; sourceTree = "<group>"; };
		4D9DC5022C11BF2500BA0507 /* Config.swift */ = {isa = PBXFileReference; lastKnownFileType = sourcecode.swift; path = Config.swift; sourceTree = "<group>"; };
		4DA04EE12CAEEAD100B70D73 /* Foundation.swift */ = {isa = PBXFileReference; lastKnownFileType = sourcecode.swift; path = Foundation.swift; sourceTree = "<group>"; };
		4DA7BFB62C5FD479005CC4FF /* PerformanceTests.swift */ = {isa = PBXFileReference; lastKnownFileType = sourcecode.swift; path = PerformanceTests.swift; sourceTree = "<group>"; };
		4DA7BFBA2C5FDEC1005CC4FF /* FakeClient.swift */ = {isa = PBXFileReference; lastKnownFileType = sourcecode.swift; path = FakeClient.swift; sourceTree = "<group>"; };
		4DB10B4F2C4FEBFC00634BF6 /* HelpCommands.swift */ = {isa = PBXFileReference; lastKnownFileType = sourcecode.swift; path = HelpCommands.swift; sourceTree = "<group>"; };
		4DB2E36C2C416611007F958D /* SubmitButton.swift */ = {isa = PBXFileReference; lastKnownFileType = sourcecode.swift; path = SubmitButton.swift; sourceTree = "<group>"; };
		4DB2E36E2C418F5C007F958D /* DynamicForm.swift */ = {isa = PBXFileReference; lastKnownFileType = sourcecode.swift; path = DynamicForm.swift; sourceTree = "<group>"; };
		4DB367BB2CE364BC00853CFE /* EmailsScreenTests.swift */ = {isa = PBXFileReference; lastKnownFileType = sourcecode.swift; path = EmailsScreenTests.swift; sourceTree = "<group>"; };
		4DBF0BD32C9DB2E500E797BF /* .ios-test-model */ = {isa = PBXFileReference; lastKnownFileType = text; path = ".ios-test-model"; sourceTree = "<group>"; };
		4DC5B1C92C6FA23000B75A07 /* LoginScreenProtocol.swift */ = {isa = PBXFileReference; lastKnownFileType = sourcecode.swift; path = LoginScreenProtocol.swift; sourceTree = "<group>"; };
		4DC5B1CC2C6FA28E00B75A07 /* RegisterScreenProtocol.swift */ = {isa = PBXFileReference; lastKnownFileType = sourcecode.swift; path = RegisterScreenProtocol.swift; sourceTree = "<group>"; };
		4DC5B1CE2C6FA2BE00B75A07 /* MainViewProtocol.swift */ = {isa = PBXFileReference; lastKnownFileType = sourcecode.swift; path = MainViewProtocol.swift; sourceTree = "<group>"; };
		4DC5B1D52C6FEA2100B75A07 /* Keychain.swift */ = {isa = PBXFileReference; lastKnownFileType = sourcecode.swift; path = Keychain.swift; sourceTree = "<group>"; };
		4DC5B1D82C720B9800B75A07 /* AuthenticationMiddleware.swift */ = {isa = PBXFileReference; lastKnownFileType = sourcecode.swift; path = AuthenticationMiddleware.swift; sourceTree = "<group>"; };
		4DC5B1DF2C7277B300B75A07 /* AuthenticatingScreen.swift */ = {isa = PBXFileReference; lastKnownFileType = sourcecode.swift; path = AuthenticatingScreen.swift; sourceTree = "<group>"; };
		4DC5B1F32C7A137B00B75A07 /* SettingsScreenProtocol.swift */ = {isa = PBXFileReference; lastKnownFileType = sourcecode.swift; path = SettingsScreenProtocol.swift; sourceTree = "<group>"; };
		4DC5B1F62C7A2F3700B75A07 /* EnvironmentView.swift */ = {isa = PBXFileReference; lastKnownFileType = sourcecode.swift; path = EnvironmentView.swift; sourceTree = "<group>"; };
		4DCE062A2C08E5E200F69AF1 /* CompactNavigation.swift */ = {isa = PBXFileReference; lastKnownFileType = sourcecode.swift; path = CompactNavigation.swift; sourceTree = "<group>"; };
		4DCE062C2C08E65300F69AF1 /* RegularNavigation.swift */ = {isa = PBXFileReference; lastKnownFileType = sourcecode.swift; path = RegularNavigation.swift; sourceTree = "<group>"; };
		4DCE06312C09E19400F69AF1 /* Info.plist */ = {isa = PBXFileReference; lastKnownFileType = text.plist.xml; path = Info.plist; sourceTree = "<group>"; };
		4DCEF8652C452EBA00F53085 /* .env-example */ = {isa = PBXFileReference; lastKnownFileType = text; path = ".env-example"; sourceTree = "<group>"; };
		4DCEF8662C452ECC00F53085 /* .env */ = {isa = PBXFileReference; lastKnownFileType = text; path = .env; sourceTree = "<group>"; };
		4DD826FD2BF9FDC500799CEB /* Config.sh */ = {isa = PBXFileReference; lastKnownFileType = text.script.sh; path = Config.sh; sourceTree = "<group>"; };
		4DE140CC2C52687F00A699AE /* DestinationCommands.swift */ = {isa = PBXFileReference; lastKnownFileType = sourcecode.swift; path = DestinationCommands.swift; sourceTree = "<group>"; };
		4DE785842C88EF8C000EC4E5 /* RequestIdMiddleware.swift */ = {isa = PBXFileReference; lastKnownFileType = sourcecode.swift; path = RequestIdMiddleware.swift; sourceTree = "<group>"; };
		4DE785872C88F392000EC4E5 /* HTTPTypes.swift */ = {isa = PBXFileReference; lastKnownFileType = sourcecode.swift; path = HTTPTypes.swift; sourceTree = "<group>"; };
		4DE785942C8B17AE000EC4E5 /* SubmitOrCancel.swift */ = {isa = PBXFileReference; fileEncoding = 4; lastKnownFileType = sourcecode.swift; path = SubmitOrCancel.swift; sourceTree = "<group>"; };
		4DF3737F2C99C23D0008AB04 /* .swift-format */ = {isa = PBXFileReference; explicitFileType = text.json; path = ".swift-format"; sourceTree = "<group>"; };
		4DFB906F2C5908DE00D4DABF /* LoginScreenTests.swift */ = {isa = PBXFileReference; lastKnownFileType = sourcecode.swift; path = LoginScreenTests.swift; sourceTree = "<group>"; };
		4DFB90752C59173C00D4DABF /* RegisterScreenTests.swift */ = {isa = PBXFileReference; lastKnownFileType = sourcecode.swift; path = RegisterScreenTests.swift; sourceTree = "<group>"; };
		4DFDBC0E2CD107FC00CCDA4A /* DynamicList.swift */ = {isa = PBXFileReference; lastKnownFileType = sourcecode.swift; path = DynamicList.swift; sourceTree = "<group>"; };
/* End PBXFileReference section */

/* Begin PBXFrameworksBuildPhase section */
		4D54C9252BF2608A001DE071 /* Frameworks */ = {
			isa = PBXFrameworksBuildPhase;
			buildActionMask = 2147483647;
			files = (
				4D13AF622C482F1C00845FDB /* OpenAPIRuntime in Frameworks */,
				4D13AF652C482F4500845FDB /* OpenAPIURLSession in Frameworks */,
				4D0DDC262C188869006CD503 /* SentrySwiftUI in Frameworks */,
			);
			runOnlyForDeploymentPostprocessing = 0;
		};
		4D54C9362BF26090001DE071 /* Frameworks */ = {
			isa = PBXFrameworksBuildPhase;
			buildActionMask = 2147483647;
			files = (
			);
			runOnlyForDeploymentPostprocessing = 0;
		};
		4D54C9402BF26090001DE071 /* Frameworks */ = {
			isa = PBXFrameworksBuildPhase;
			buildActionMask = 2147483647;
			files = (
			);
			runOnlyForDeploymentPostprocessing = 0;
		};
/* End PBXFrameworksBuildPhase section */

/* Begin PBXGroup section */
		4D13AF7C2C4E904E00845FDB /* Data */ = {
			isa = PBXGroup;
			children = (
				4D13AF802C4E907200845FDB /* Environment.swift */,
				4DC5B1D52C6FEA2100B75A07 /* Keychain.swift */,
				4DE785842C88EF8C000EC4E5 /* RequestIdMiddleware.swift */,
				4DC5B1D82C720B9800B75A07 /* AuthenticationMiddleware.swift */,
				4D4AF71B2C7CE72900621FF3 /* Tokens.swift */,
			);
			path = Data;
			sourceTree = "<group>";
		};
		4D30DA5C2C986B6000499450 /* Components */ = {
			isa = PBXGroup;
			children = (
				4D6A24DC2CAC192F001B4435 /* EditableAvatar.swift */,
				4D30DA5E2C986B6C00499450 /* Avatar.swift */,
			);
			path = Components;
			sourceTree = "<group>";
		};
		4D39A4C62BF51693003FA52E /* Resources */ = {
			isa = PBXGroup;
			children = (
				4D39A4C72BF516B7003FA52E /* Localizable.xcstrings */,
				4D54C92F2BF2608F001DE071 /* Assets.xcassets */,
				4D13AF682C482FE300845FDB /* openapi.yaml */,
				4D13AF6A2C48301600845FDB /* openapi-generator-config.yaml */,
			);
			path = Resources;
			sourceTree = "<group>";
		};
		4D4D394B2C086DD3007196D2 /* Screens */ = {
			isa = PBXGroup;
			children = (
				4D5251F02C109D0D00018CD2 /* Screen.swift */,
				4D5251EE2C1098E900018CD2 /* MultiChoiceScreen.swift */,
				4DC5B1DF2C7277B300B75A07 /* AuthenticatingScreen.swift */,
				4D54C9682BF4E8F4001DE071 /* FeedScreen.swift */,
				4D54C96A2BF4E97E001DE071 /* NotificationsScreen.swift */,
				4D54C96C2BF4E9BE001DE071 /* ArchiveScreen.swift */,
				4D54C96E2BF4E9DF001DE071 /* DraftsScreen.swift */,
				4D4D39492C086DA2007196D2 /* PublishedScreen.swift */,
				4DC5B1F32C7A137B00B75A07 /* SettingsScreenProtocol.swift */,
				4D54C9702BF4EA15001DE071 /* SettingsScreen.swift */,
				4D30D7222CCFAF440071B03F /* EmailsScreenProtocol.swift */,
				4D30D7252CCFB0170071B03F /* EmailsScreen.swift */,
				4DC5B1C92C6FA23000B75A07 /* LoginScreenProtocol.swift */,
				4D9B3B372C334B3A00A8F7AD /* LoginScreen.swift */,
				4DC5B1CC2C6FA28E00B75A07 /* RegisterScreenProtocol.swift */,
				4D9B3B392C334B6300A8F7AD /* RegisterScreen.swift */,
			);
			path = Screens;
			sourceTree = "<group>";
		};
		4D51F2822C621B7D0018E76E /* Events */ = {
			isa = PBXGroup;
			children = (
				4D51F2852C6232A30018E76E /* Event.swift */,
				4D51F2832C621B8D0018E76E /* EventBus.swift */,
			);
			path = Events;
			sourceTree = "<group>";
		};
		4D5251E82C10532100018CD2 /* Navigation */ = {
			isa = PBXGroup;
			children = (
				4D5251EB2C1097A600018CD2 /* Destination.swift */,
				4D060BBE2C907FA3008C32D1 /* NavigationProtocol.swift */,
				4DCE062A2C08E5E200F69AF1 /* CompactNavigation.swift */,
				4DCE062C2C08E65300F69AF1 /* RegularNavigation.swift */,
				4D5251F42C10A9F100018CD2 /* DynamicNavigation.swift */,
			);
			path = Navigation;
			sourceTree = "<group>";
		};
		4D54C91F2BF2608A001DE071 = {
			isa = PBXGroup;
			children = (
				4D54C95C2BF266F9001DE071 /* .github */,
				4D54C9652BF2AD85001DE071 /* Config */,
				4D54C92A2BF2608A001DE071 /* Fyreplace */,
				4D54C93C2BF26090001DE071 /* FyreplaceTests */,
				4D54C9462BF26090001DE071 /* FyreplaceUITests */,
				4D54C9632BF28695001DE071 /* .gitignore */,
				4DF3737F2C99C23D0008AB04 /* .swift-format */,
				4D0DDC292C18A467006CD503 /* .xcode-version */,
				4D6641DB2C5B963500BE3D07 /* .ios-test-version */,
				4DBF0BD32C9DB2E500E797BF /* .ios-test-model */,
				4DCEF8652C452EBA00F53085 /* .env-example */,
				4DCEF8662C452ECC00F53085 /* .env */,
				4D54C9592BF266F9001DE071 /* Makefile */,
				4D54C9582BF266F9001DE071 /* README.md */,
				4D54C9572BF266F9001DE071 /* COPYING.txt */,
				4D54C9292BF2608A001DE071 /* Products */,
			);
			sourceTree = "<group>";
		};
		4D54C9292BF2608A001DE071 /* Products */ = {
			isa = PBXGroup;
			children = (
				4D54C9282BF2608A001DE071 /* Fyreplace.app */,
				4D54C9392BF26090001DE071 /* FyreplaceTests.xctest */,
				4D54C9432BF26090001DE071 /* FyreplaceUITests.xctest */,
			);
			name = Products;
			sourceTree = "<group>";
		};
		4D54C92A2BF2608A001DE071 /* Fyreplace */ = {
			isa = PBXGroup;
			children = (
				4DD826FE2BFA0EBE00799CEB /* Config */,
				4D39A4C62BF51693003FA52E /* Resources */,
				4D54C9322BF2608F001DE071 /* Preview Content */,
				4D9B3B432C36E64F00A8F7AD /* Extensions */,
				4D13AF7C2C4E904E00845FDB /* Data */,
				4D51F2822C621B7D0018E76E /* Events */,
				4D54C95E2BF27C78001DE071 /* Views */,
				4DB10B4E2C4FEBCE00634BF6 /* Commands */,
				4DA7BFB92C5FDEA1005CC4FF /* Fakes */,
				4D54C92B2BF2608A001DE071 /* FyreplaceApp.swift */,
			);
			path = Fyreplace;
			sourceTree = "<group>";
		};
		4D54C9322BF2608F001DE071 /* Preview Content */ = {
			isa = PBXGroup;
			children = (
				4D54C9332BF2608F001DE071 /* Preview Assets.xcassets */,
			);
			path = "Preview Content";
			sourceTree = "<group>";
		};
		4D54C93C2BF26090001DE071 /* FyreplaceTests */ = {
			isa = PBXGroup;
			children = (
				4DFB906E2C5908BF00D4DABF /* Screens */,
				4D5348602C6646F80001EFDE /* StoringEventBus.swift */,
			);
			path = FyreplaceTests;
			sourceTree = "<group>";
		};
		4D54C9462BF26090001DE071 /* FyreplaceUITests */ = {
			isa = PBXGroup;
			children = (
				4DA7BFB62C5FD479005CC4FF /* PerformanceTests.swift */,
			);
			path = FyreplaceUITests;
			sourceTree = "<group>";
		};
		4D54C95B2BF266F9001DE071 /* workflows */ = {
			isa = PBXGroup;
			children = (
				4D54C95A2BF266F9001DE071 /* publishing.yml */,
				4D13AF6F2C4916AF00845FDB /* trust-openapi-plugin.sh */,
				4D13AF702C49179D00845FDB /* get-fingerprint.js */,
			);
			path = workflows;
			sourceTree = "<group>";
		};
		4D54C95C2BF266F9001DE071 /* .github */ = {
			isa = PBXGroup;
			children = (
				4D54C95B2BF266F9001DE071 /* workflows */,
			);
			path = .github;
			sourceTree = "<group>";
		};
		4D54C95E2BF27C78001DE071 /* Views */ = {
			isa = PBXGroup;
			children = (
				4D30DA5C2C986B6000499450 /* Components */,
				4D9B3B3B2C34B11D00A8F7AD /* Forms */,
				4D5251E82C10532100018CD2 /* Navigation */,
				4D4D394B2C086DD3007196D2 /* Screens */,
				4D51F27F2C621ADB0018E76E /* ViewProtocol.swift */,
				4DC5B1F62C7A2F3700B75A07 /* EnvironmentView.swift */,
				4DC5B1CE2C6FA2BE00B75A07 /* MainViewProtocol.swift */,
				4D54C92D2BF2608A001DE071 /* MainView.swift */,
			);
			path = Views;
			sourceTree = "<group>";
		};
		4D54C9652BF2AD85001DE071 /* Config */ = {
			isa = PBXGroup;
			children = (
				4D5251A22C0A78F800018CD2 /* .gitignore */,
				4DD826FD2BF9FDC500799CEB /* Config.sh */,
				4D54C9612BF28458001DE071 /* Config.xcconfig */,
				4D7F9CC12C259C00007B1CC3 /* PrivacyInfo.xcprivacy */,
			);
			path = Config;
			sourceTree = "<group>";
		};
		4D9B3B3B2C34B11D00A8F7AD /* Forms */ = {
			isa = PBXGroup;
			children = (
				4DB2E36E2C418F5C007F958D /* DynamicForm.swift */,
				4DFDBC0E2CD107FC00CCDA4A /* DynamicList.swift */,
				4DB2E36C2C416611007F958D /* SubmitButton.swift */,
				4DE785942C8B17AE000EC4E5 /* SubmitOrCancel.swift */,
				4D13AF7A2C4E8F4200845FDB /* EnvironmentPicker.swift */,
				4D9B3B3C2C34B13E00A8F7AD /* LogoHeader.swift */,
			);
			path = Forms;
			sourceTree = "<group>";
		};
		4D9B3B432C36E64F00A8F7AD /* Extensions */ = {
			isa = PBXGroup;
			children = (
				4DA04EE12CAEEAD100B70D73 /* Foundation.swift */,
				4D9B3B442C36F46F00A8F7AD /* SwiftUI.swift */,
				4DE785872C88F392000EC4E5 /* HTTPTypes.swift */,
				4D40ACB32CC3ECB300B26FDF /* OpenAPI.swift */,
			);
			path = Extensions;
			sourceTree = "<group>";
		};
		4DA7BFB92C5FDEA1005CC4FF /* Fakes */ = {
			isa = PBXGroup;
			children = (
				4DA7BFBA2C5FDEC1005CC4FF /* FakeClient.swift */,
				4D30DA602C98706C00499450 /* Placeholders.swift */,
			);
			path = Fakes;
			sourceTree = "<group>";
		};
		4DB10B4E2C4FEBCE00634BF6 /* Commands */ = {
			isa = PBXGroup;
			children = (
				4DE140CC2C52687F00A699AE /* DestinationCommands.swift */,
				4DB10B4F2C4FEBFC00634BF6 /* HelpCommands.swift */,
			);
			path = Commands;
			sourceTree = "<group>";
		};
		4DD826FE2BFA0EBE00799CEB /* Config */ = {
			isa = PBXGroup;
			children = (
				4D13AF712C492E7200845FDB /* .gitignore */,
				4D13AF742C492F4500845FDB /* Config.sh */,
				4D13AF732C492E8E00845FDB /* Config.release.xcconfig */,
				4D54C9622BF28592001DE071 /* Fyreplace.debug.entitlements */,
				4D54C9312BF2608F001DE071 /* Fyreplace.release.entitlements */,
				4DCE06312C09E19400F69AF1 /* Info.plist */,
				4D9DC5022C11BF2500BA0507 /* Config.swift */,
			);
			path = Config;
			sourceTree = "<group>";
		};
		4DFB906E2C5908BF00D4DABF /* Screens */ = {
			isa = PBXGroup;
			children = (
				4D351AEC2CA6BE27002EEB8F /* FakeScreenBase.swift */,
				4D351AEA2CA6BD3A002EEB8F /* SettingsScreenTests.swift */,
				4DB367BB2CE364BC00853CFE /* EmailsScreenTests.swift */,
				4DFB906F2C5908DE00D4DABF /* LoginScreenTests.swift */,
				4DFB90752C59173C00D4DABF /* RegisterScreenTests.swift */,
			);
			path = Screens;
			sourceTree = "<group>";
		};
/* End PBXGroup section */

/* Begin PBXNativeTarget section */
		4D54C9272BF2608A001DE071 /* Fyreplace */ = {
			isa = PBXNativeTarget;
			buildConfigurationList = 4D54C94D2BF26090001DE071 /* Build configuration list for PBXNativeTarget "Fyreplace" */;
			buildPhases = (
				4D54C9242BF2608A001DE071 /* Sources */,
				4D54C9252BF2608A001DE071 /* Frameworks */,
				4D54C9262BF2608A001DE071 /* Resources */,
				4D0DDC272C188A1B006CD503 /* Upload Sources To Sentry */,
			);
			buildRules = (
			);
			dependencies = (
				4D13AF672C482F5900845FDB /* PBXTargetDependency */,
			);
			name = Fyreplace;
			packageProductDependencies = (
				4D0DDC252C188869006CD503 /* SentrySwiftUI */,
				4D13AF612C482F1C00845FDB /* OpenAPIRuntime */,
				4D13AF642C482F4500845FDB /* OpenAPIURLSession */,
			);
			productName = Fyreplace;
			productReference = 4D54C9282BF2608A001DE071 /* Fyreplace.app */;
			productType = "com.apple.product-type.application";
		};
		4D54C9382BF26090001DE071 /* FyreplaceTests */ = {
			isa = PBXNativeTarget;
			buildConfigurationList = 4D54C9502BF26090001DE071 /* Build configuration list for PBXNativeTarget "FyreplaceTests" */;
			buildPhases = (
				4D54C9352BF26090001DE071 /* Sources */,
				4D54C9362BF26090001DE071 /* Frameworks */,
				4D54C9372BF26090001DE071 /* Resources */,
			);
			buildRules = (
			);
			dependencies = (
				4D54C93B2BF26090001DE071 /* PBXTargetDependency */,
			);
			name = FyreplaceTests;
			productName = FyreplaceTests;
			productReference = 4D54C9392BF26090001DE071 /* FyreplaceTests.xctest */;
			productType = "com.apple.product-type.bundle.unit-test";
		};
		4D54C9422BF26090001DE071 /* FyreplaceUITests */ = {
			isa = PBXNativeTarget;
			buildConfigurationList = 4D54C9532BF26090001DE071 /* Build configuration list for PBXNativeTarget "FyreplaceUITests" */;
			buildPhases = (
				4D54C93F2BF26090001DE071 /* Sources */,
				4D54C9402BF26090001DE071 /* Frameworks */,
				4D54C9412BF26090001DE071 /* Resources */,
			);
			buildRules = (
			);
			dependencies = (
				4D54C9452BF26090001DE071 /* PBXTargetDependency */,
			);
			name = FyreplaceUITests;
			productName = FyreplaceUITests;
			productReference = 4D54C9432BF26090001DE071 /* FyreplaceUITests.xctest */;
			productType = "com.apple.product-type.bundle.ui-testing";
		};
/* End PBXNativeTarget section */

/* Begin PBXProject section */
		4D54C9202BF2608A001DE071 /* Project object */ = {
			isa = PBXProject;
			attributes = {
				BuildIndependentTargetsInParallel = 1;
				LastSwiftUpdateCheck = 1530;
				LastUpgradeCheck = 1610;
				TargetAttributes = {
					4D54C9272BF2608A001DE071 = {
						CreatedOnToolsVersion = 15.3;
					};
					4D54C9382BF26090001DE071 = {
						CreatedOnToolsVersion = 15.3;
						TestTargetID = 4D54C9272BF2608A001DE071;
					};
					4D54C9422BF26090001DE071 = {
						CreatedOnToolsVersion = 15.3;
						TestTargetID = 4D54C9272BF2608A001DE071;
					};
				};
			};
			buildConfigurationList = 4D54C9232BF2608A001DE071 /* Build configuration list for PBXProject "Fyreplace" */;
			developmentRegion = en;
			hasScannedForEncodings = 0;
			knownRegions = (
				en,
				Base,
			);
			mainGroup = 4D54C91F2BF2608A001DE071;
			packageReferences = (
				4D0DDC242C188869006CD503 /* XCRemoteSwiftPackageReference "sentry-cocoa" */,
				4D13AF5F2C482F0100845FDB /* XCRemoteSwiftPackageReference "swift-openapi-generator" */,
				4D13AF602C482F1C00845FDB /* XCRemoteSwiftPackageReference "swift-openapi-runtime" */,
				4D13AF632C482F4500845FDB /* XCRemoteSwiftPackageReference "swift-openapi-urlsession" */,
			);
			preferredProjectObjectVersion = 77;
			productRefGroup = 4D54C9292BF2608A001DE071 /* Products */;
			projectDirPath = "";
			projectRoot = "";
			targets = (
				4D54C9272BF2608A001DE071 /* Fyreplace */,
				4D54C9382BF26090001DE071 /* FyreplaceTests */,
				4D54C9422BF26090001DE071 /* FyreplaceUITests */,
			);
		};
/* End PBXProject section */

/* Begin PBXResourcesBuildPhase section */
		4D54C9262BF2608A001DE071 /* Resources */ = {
			isa = PBXResourcesBuildPhase;
			buildActionMask = 2147483647;
			files = (
				4D13AF752C492F4500845FDB /* Config.sh in Resources */,
				4D7F9CC22C259C30007B1CC3 /* PrivacyInfo.xcprivacy in Resources */,
				4D13AF722C492E7200845FDB /* .gitignore in Resources */,
				4D39A4C82BF516B7003FA52E /* Localizable.xcstrings in Resources */,
				4D54C9302BF2608F001DE071 /* Assets.xcassets in Resources */,
				4D54C9342BF2608F001DE071 /* Preview Assets.xcassets in Resources */,
				4D13AF692C482FE400845FDB /* openapi.yaml in Resources */,
				4D13AF6B2C48301600845FDB /* openapi-generator-config.yaml in Resources */,
			);
			runOnlyForDeploymentPostprocessing = 0;
		};
		4D54C9372BF26090001DE071 /* Resources */ = {
			isa = PBXResourcesBuildPhase;
			buildActionMask = 2147483647;
			files = (
			);
			runOnlyForDeploymentPostprocessing = 0;
		};
		4D54C9412BF26090001DE071 /* Resources */ = {
			isa = PBXResourcesBuildPhase;
			buildActionMask = 2147483647;
			files = (
			);
			runOnlyForDeploymentPostprocessing = 0;
		};
/* End PBXResourcesBuildPhase section */

/* Begin PBXShellScriptBuildPhase section */
		4D0DDC272C188A1B006CD503 /* Upload Sources To Sentry */ = {
			isa = PBXShellScriptBuildPhase;
			alwaysOutOfDate = 1;
			buildActionMask = 2147483647;
			files = (
			);
			inputFileListPaths = (
			);
			inputPaths = (
				"${DWARF_DSYM_FOLDER_PATH}/${DWARF_DSYM_FILE_NAME}/Contents/Resources/DWARF/${TARGET_NAME}",
			);
			name = "Upload Sources To Sentry";
			outputFileListPaths = (
			);
			outputPaths = (
			);
			runOnlyForDeploymentPostprocessing = 0;
			shellPath = /bin/sh;
			shellScript = "if [ \"$CONFIGURATION\" = \"Debug\" ]\nthen\n    exit 0\nfi\n\nif which sentry-cli >/dev/null\nthen\n    ERROR=$(sentry-cli debug-files upload \\\n        --org $SENTRY_ORG \\\n        --project $SENTRY_PROJECT \\\n        --auth-token $SENTRY_AUTH_TOKEN \\\n        --include-sources \"$DWARF_DSYM_FOLDER_PATH\" \\\n        --force-foreground 2>&1 >/dev/null)\n\n    if [ ! $? -eq 0 ]\n    then\n        echo \"error: sentry-cli - $ERROR\"\n        exit 1\n    fi\nfi\n";
		};
/* End PBXShellScriptBuildPhase section */

/* Begin PBXSourcesBuildPhase section */
		4D54C9242BF2608A001DE071 /* Sources */ = {
			isa = PBXSourcesBuildPhase;
			buildActionMask = 2147483647;
			files = (
				4D40ACB42CC3ECBC00B26FDF /* OpenAPI.swift in Sources */,
				4DA04EE22CAEEAD800B70D73 /* Foundation.swift in Sources */,
				4D30D7232CCFAF4E0071B03F /* EmailsScreenProtocol.swift in Sources */,
				4D9B3B3D2C34B13E00A8F7AD /* LogoHeader.swift in Sources */,
				4DA7BFBB2C5FDEC1005CC4FF /* FakeClient.swift in Sources */,
				4D4AF71C2C7CE72900621FF3 /* Tokens.swift in Sources */,
				4D54C9712BF4EA15001DE071 /* SettingsScreen.swift in Sources */,
				4D13AF7B2C4E8F4200845FDB /* EnvironmentPicker.swift in Sources */,
				4D30DA5F2C986B6C00499450 /* Avatar.swift in Sources */,
				4DC5B1CF2C6FA2BE00B75A07 /* MainViewProtocol.swift in Sources */,
				4D4D394A2C086DA2007196D2 /* PublishedScreen.swift in Sources */,
				4D5251EC2C1097A600018CD2 /* Destination.swift in Sources */,
				4D54C92E2BF2608A001DE071 /* MainView.swift in Sources */,
				4D5251F12C109D0D00018CD2 /* Screen.swift in Sources */,
				4DE140CD2C52688000A699AE /* DestinationCommands.swift in Sources */,
				4D54C96B2BF4E97E001DE071 /* NotificationsScreen.swift in Sources */,
				4DE785952C8B17AE000EC4E5 /* SubmitOrCancel.swift in Sources */,
				4DE785882C88F392000EC4E5 /* HTTPTypes.swift in Sources */,
				4D6A24DD2CAC193F001B4435 /* EditableAvatar.swift in Sources */,
				4DFDBC102CD1080000CCDA4A /* DynamicList.swift in Sources */,
				4D51F2802C621ADB0018E76E /* ViewProtocol.swift in Sources */,
				4DC5B1D92C720B9800B75A07 /* AuthenticationMiddleware.swift in Sources */,
				4D9B3B382C334B3A00A8F7AD /* LoginScreen.swift in Sources */,
				4DC5B1F72C7A2F3700B75A07 /* EnvironmentView.swift in Sources */,
				4DC5B1E02C7277B300B75A07 /* AuthenticatingScreen.swift in Sources */,
				4D5251EF2C1098E900018CD2 /* MultiChoiceScreen.swift in Sources */,
				4DB10B502C4FEBFC00634BF6 /* HelpCommands.swift in Sources */,
				4D9B3B452C36F46F00A8F7AD /* SwiftUI.swift in Sources */,
				4DE785852C88EF8C000EC4E5 /* RequestIdMiddleware.swift in Sources */,
				4D54C96F2BF4E9DF001DE071 /* DraftsScreen.swift in Sources */,
				4D51F2862C6232A30018E76E /* Event.swift in Sources */,
				4DB2E36F2C418F5C007F958D /* DynamicForm.swift in Sources */,
				4DCE062B2C08E5E200F69AF1 /* CompactNavigation.swift in Sources */,
				4DCE062D2C08E65300F69AF1 /* RegularNavigation.swift in Sources */,
				4D30D7262CCFB01B0071B03F /* EmailsScreen.swift in Sources */,
				4D54C9692BF4E8F4001DE071 /* FeedScreen.swift in Sources */,
				4DC5B1F42C7A137B00B75A07 /* SettingsScreenProtocol.swift in Sources */,
				4DC5B1D62C6FEA2100B75A07 /* Keychain.swift in Sources */,
				4D9B3B3A2C334B6300A8F7AD /* RegisterScreen.swift in Sources */,
				4DB2E36D2C416611007F958D /* SubmitButton.swift in Sources */,
				4D54C96D2BF4E9BE001DE071 /* ArchiveScreen.swift in Sources */,
				4DC5B1CD2C6FA28E00B75A07 /* RegisterScreenProtocol.swift in Sources */,
				4D13AF812C4E907200845FDB /* Environment.swift in Sources */,
				4DC5B1CA2C6FA23000B75A07 /* LoginScreenProtocol.swift in Sources */,
				4D51F2842C621B8D0018E76E /* EventBus.swift in Sources */,
				4D060BBF2C907FA4008C32D1 /* NavigationProtocol.swift in Sources */,
				4D5251F52C10A9F100018CD2 /* DynamicNavigation.swift in Sources */,
				4D9DC5032C11BF2500BA0507 /* Config.swift in Sources */,
				4D30DA612C98706C00499450 /* Placeholders.swift in Sources */,
				4D54C92C2BF2608A001DE071 /* FyreplaceApp.swift in Sources */,
			);
			runOnlyForDeploymentPostprocessing = 0;
		};
		4D54C9352BF26090001DE071 /* Sources */ = {
			isa = PBXSourcesBuildPhase;
			buildActionMask = 2147483647;
			files = (
				4D351AEB2CA6BD45002EEB8F /* SettingsScreenTests.swift in Sources */,
				4D351AED2CA6BE2D002EEB8F /* FakeScreenBase.swift in Sources */,
				4DB367BC2CE364C300853CFE /* EmailsScreenTests.swift in Sources */,
				4D5348612C6646F80001EFDE /* StoringEventBus.swift in Sources */,
				4DFB90702C5908DE00D4DABF /* LoginScreenTests.swift in Sources */,
				4DFB90762C59173C00D4DABF /* RegisterScreenTests.swift in Sources */,
			);
			runOnlyForDeploymentPostprocessing = 0;
		};
		4D54C93F2BF26090001DE071 /* Sources */ = {
			isa = PBXSourcesBuildPhase;
			buildActionMask = 2147483647;
			files = (
				4DA7BFB72C5FD479005CC4FF /* PerformanceTests.swift in Sources */,
			);
			runOnlyForDeploymentPostprocessing = 0;
		};
/* End PBXSourcesBuildPhase section */

/* Begin PBXTargetDependency section */
		4D13AF672C482F5900845FDB /* PBXTargetDependency */ = {
			isa = PBXTargetDependency;
			productRef = 4D13AF662C482F5900845FDB /* OpenAPIGenerator */;
		};
		4D54C93B2BF26090001DE071 /* PBXTargetDependency */ = {
			isa = PBXTargetDependency;
			target = 4D54C9272BF2608A001DE071 /* Fyreplace */;
			targetProxy = 4D54C93A2BF26090001DE071 /* PBXContainerItemProxy */;
		};
		4D54C9452BF26090001DE071 /* PBXTargetDependency */ = {
			isa = PBXTargetDependency;
			target = 4D54C9272BF2608A001DE071 /* Fyreplace */;
			targetProxy = 4D54C9442BF26090001DE071 /* PBXContainerItemProxy */;
		};
/* End PBXTargetDependency section */

/* Begin XCBuildConfiguration section */
		4D54C94B2BF26090001DE071 /* Debug */ = {
			isa = XCBuildConfiguration;
			baseConfigurationReference = 4D54C9612BF28458001DE071 /* Config.xcconfig */;
			buildSettings = {
				ALWAYS_SEARCH_USER_PATHS = NO;
				ASSETCATALOG_COMPILER_GENERATE_SWIFT_ASSET_SYMBOL_EXTENSIONS = YES;
				CLANG_ANALYZER_NONNULL = YES;
				CLANG_ANALYZER_NUMBER_OBJECT_CONVERSION = YES_AGGRESSIVE;
				CLANG_CXX_LANGUAGE_STANDARD = "gnu++20";
				CLANG_ENABLE_MODULES = YES;
				CLANG_ENABLE_OBJC_ARC = YES;
				CLANG_ENABLE_OBJC_WEAK = YES;
				CLANG_WARN_BLOCK_CAPTURE_AUTORELEASING = YES;
				CLANG_WARN_BOOL_CONVERSION = YES;
				CLANG_WARN_COMMA = YES;
				CLANG_WARN_CONSTANT_CONVERSION = YES;
				CLANG_WARN_DEPRECATED_OBJC_IMPLEMENTATIONS = YES;
				CLANG_WARN_DIRECT_OBJC_ISA_USAGE = YES_ERROR;
				CLANG_WARN_DOCUMENTATION_COMMENTS = YES;
				CLANG_WARN_EMPTY_BODY = YES;
				CLANG_WARN_ENUM_CONVERSION = YES;
				CLANG_WARN_INFINITE_RECURSION = YES;
				CLANG_WARN_INT_CONVERSION = YES;
				CLANG_WARN_NON_LITERAL_NULL_CONVERSION = YES;
				CLANG_WARN_OBJC_IMPLICIT_RETAIN_SELF = YES;
				CLANG_WARN_OBJC_LITERAL_CONVERSION = YES;
				CLANG_WARN_OBJC_ROOT_CLASS = YES_ERROR;
				CLANG_WARN_QUOTED_INCLUDE_IN_FRAMEWORK_HEADER = YES;
				CLANG_WARN_RANGE_LOOP_ANALYSIS = YES;
				CLANG_WARN_STRICT_PROTOTYPES = YES;
				CLANG_WARN_SUSPICIOUS_MOVE = YES;
				CLANG_WARN_UNGUARDED_AVAILABILITY = YES_AGGRESSIVE;
				CLANG_WARN_UNREACHABLE_CODE = YES;
				CLANG_WARN__DUPLICATE_METHOD_MATCH = YES;
				COPY_PHASE_STRIP = NO;
				DEAD_CODE_STRIPPING = YES;
				DEBUG_INFORMATION_FORMAT = dwarf;
				ENABLE_STRICT_OBJC_MSGSEND = YES;
				ENABLE_TESTABILITY = YES;
				ENABLE_USER_SCRIPT_SANDBOXING = YES;
				FYREPLACE_API_URL_DEV = "https://dev.rest.api.fyreplace.app";
				FYREPLACE_API_URL_LOCAL = "http://localhost:8080";
				FYREPLACE_API_URL_MAIN = "https://rest.api.fyreplace.app";
				FYREPLACE_INFO_URL_PRIVACY_POLICY = "https://fyreplace.net/privacy-policy";
				FYREPLACE_INFO_URL_SOURCE_CODE = "https://github.com/fyreplace";
				FYREPLACE_INFO_URL_TERMS_OF_SERVICE = "https://fyreplace.net/terms-of-service";
				FYREPLACE_INFO_URL_WEBSITE = "https://fyreplace.net";
				GCC_C_LANGUAGE_STANDARD = gnu17;
				GCC_DYNAMIC_NO_PIC = NO;
				GCC_NO_COMMON_BLOCKS = YES;
				GCC_OPTIMIZATION_LEVEL = 0;
				GCC_PREPROCESSOR_DEFINITIONS = (
					"DEBUG=1",
					"$(inherited)",
				);
				GCC_WARN_64_TO_32_BIT_CONVERSION = YES;
				GCC_WARN_ABOUT_RETURN_TYPE = YES_ERROR;
				GCC_WARN_UNDECLARED_SELECTOR = YES;
				GCC_WARN_UNINITIALIZED_AUTOS = YES_AGGRESSIVE;
				GCC_WARN_UNUSED_FUNCTION = YES;
				GCC_WARN_UNUSED_VARIABLE = YES;
				IPHONEOS_DEPLOYMENT_TARGET = 16.0;
				LOCALIZATION_PREFERS_STRING_CATALOGS = YES;
				MACOSX_DEPLOYMENT_TARGET = 13.0;
				MTL_ENABLE_DEBUG_INFO = INCLUDE_SOURCE;
				MTL_FAST_MATH = YES;
				ONLY_ACTIVE_ARCH = YES;
				SWIFT_ACTIVE_COMPILATION_CONDITIONS = "DEBUG $(inherited)";
				SWIFT_OPTIMIZATION_LEVEL = "-Onone";
				SWIFT_VERSION = 6.0;
			};
			name = Debug;
		};
		4D54C94C2BF26090001DE071 /* Release */ = {
			isa = XCBuildConfiguration;
			baseConfigurationReference = 4D54C9612BF28458001DE071 /* Config.xcconfig */;
			buildSettings = {
				ALWAYS_SEARCH_USER_PATHS = NO;
				ASSETCATALOG_COMPILER_GENERATE_SWIFT_ASSET_SYMBOL_EXTENSIONS = YES;
				CLANG_ANALYZER_NONNULL = YES;
				CLANG_ANALYZER_NUMBER_OBJECT_CONVERSION = YES_AGGRESSIVE;
				CLANG_CXX_LANGUAGE_STANDARD = "gnu++20";
				CLANG_ENABLE_MODULES = YES;
				CLANG_ENABLE_OBJC_ARC = YES;
				CLANG_ENABLE_OBJC_WEAK = YES;
				CLANG_WARN_BLOCK_CAPTURE_AUTORELEASING = YES;
				CLANG_WARN_BOOL_CONVERSION = YES;
				CLANG_WARN_COMMA = YES;
				CLANG_WARN_CONSTANT_CONVERSION = YES;
				CLANG_WARN_DEPRECATED_OBJC_IMPLEMENTATIONS = YES;
				CLANG_WARN_DIRECT_OBJC_ISA_USAGE = YES_ERROR;
				CLANG_WARN_DOCUMENTATION_COMMENTS = YES;
				CLANG_WARN_EMPTY_BODY = YES;
				CLANG_WARN_ENUM_CONVERSION = YES;
				CLANG_WARN_INFINITE_RECURSION = YES;
				CLANG_WARN_INT_CONVERSION = YES;
				CLANG_WARN_NON_LITERAL_NULL_CONVERSION = YES;
				CLANG_WARN_OBJC_IMPLICIT_RETAIN_SELF = YES;
				CLANG_WARN_OBJC_LITERAL_CONVERSION = YES;
				CLANG_WARN_OBJC_ROOT_CLASS = YES_ERROR;
				CLANG_WARN_QUOTED_INCLUDE_IN_FRAMEWORK_HEADER = YES;
				CLANG_WARN_RANGE_LOOP_ANALYSIS = YES;
				CLANG_WARN_STRICT_PROTOTYPES = YES;
				CLANG_WARN_SUSPICIOUS_MOVE = YES;
				CLANG_WARN_UNGUARDED_AVAILABILITY = YES_AGGRESSIVE;
				CLANG_WARN_UNREACHABLE_CODE = YES;
				CLANG_WARN__DUPLICATE_METHOD_MATCH = YES;
				COPY_PHASE_STRIP = NO;
				DEAD_CODE_STRIPPING = YES;
				DEBUG_INFORMATION_FORMAT = "dwarf-with-dsym";
				ENABLE_NS_ASSERTIONS = NO;
				ENABLE_STRICT_OBJC_MSGSEND = YES;
				ENABLE_USER_SCRIPT_SANDBOXING = YES;
				FYREPLACE_API_URL_DEV = "https://dev.rest.api.fyreplace.app";
				FYREPLACE_API_URL_LOCAL = "";
				FYREPLACE_API_URL_MAIN = "https://rest.api.fyreplace.app";
				FYREPLACE_INFO_URL_PRIVACY_POLICY = "https://fyreplace.net/privacy-policy";
				FYREPLACE_INFO_URL_SOURCE_CODE = "https://github.com/fyreplace";
				FYREPLACE_INFO_URL_TERMS_OF_SERVICE = "https://fyreplace.net/terms-of-service";
				FYREPLACE_INFO_URL_WEBSITE = "https://fyreplace.net";
				GCC_C_LANGUAGE_STANDARD = gnu17;
				GCC_NO_COMMON_BLOCKS = YES;
				GCC_WARN_64_TO_32_BIT_CONVERSION = YES;
				GCC_WARN_ABOUT_RETURN_TYPE = YES_ERROR;
				GCC_WARN_UNDECLARED_SELECTOR = YES;
				GCC_WARN_UNINITIALIZED_AUTOS = YES_AGGRESSIVE;
				GCC_WARN_UNUSED_FUNCTION = YES;
				GCC_WARN_UNUSED_VARIABLE = YES;
				IPHONEOS_DEPLOYMENT_TARGET = 16.0;
				LOCALIZATION_PREFERS_STRING_CATALOGS = YES;
				MACOSX_DEPLOYMENT_TARGET = 13.0;
				MTL_ENABLE_DEBUG_INFO = NO;
				MTL_FAST_MATH = YES;
				SWIFT_COMPILATION_MODE = wholemodule;
				SWIFT_VERSION = 6.0;
			};
			name = Release;
		};
		4D54C94E2BF26090001DE071 /* Debug */ = {
			isa = XCBuildConfiguration;
			buildSettings = {
				ASSETCATALOG_COMPILER_APPICON_NAME = AppIcon;
				ASSETCATALOG_COMPILER_GLOBAL_ACCENT_COLOR_NAME = AccentColor;
				CODE_SIGN_ENTITLEMENTS = "${TARGET_NAME}/Config/Fyreplace.debug.entitlements";
				CODE_SIGN_IDENTITY = "Apple Development";
				CODE_SIGN_STYLE = Automatic;
				DEAD_CODE_STRIPPING = YES;
				DEVELOPMENT_ASSET_PATHS = "\"${TARGET_NAME}/Preview Content\"";
				"ENABLE_APP_SANDBOX[sdk=macosx*]" = YES;
				ENABLE_HARDENED_RUNTIME = YES;
				ENABLE_PREVIEWS = YES;
				ENABLE_USER_SCRIPT_SANDBOXING = NO;
				GENERATE_INFOPLIST_FILE = YES;
				INFOPLIST_FILE = "${TARGET_NAME}/Config/Info.plist";
				INFOPLIST_KEY_LSApplicationCategoryType = "public.app-category.social-networking";
				"INFOPLIST_KEY_UIApplicationSceneManifest_Generation[sdk=iphoneos*]" = YES;
				"INFOPLIST_KEY_UIApplicationSceneManifest_Generation[sdk=iphonesimulator*]" = YES;
				"INFOPLIST_KEY_UIApplicationSupportsIndirectInputEvents[sdk=iphoneos*]" = YES;
				"INFOPLIST_KEY_UIApplicationSupportsIndirectInputEvents[sdk=iphonesimulator*]" = YES;
				"INFOPLIST_KEY_UILaunchScreen_Generation[sdk=iphoneos*]" = YES;
				"INFOPLIST_KEY_UILaunchScreen_Generation[sdk=iphonesimulator*]" = YES;
				INFOPLIST_KEY_UISupportedInterfaceOrientations = "UIInterfaceOrientationLandscapeLeft UIInterfaceOrientationLandscapeRight UIInterfaceOrientationPortrait";
				INFOPLIST_KEY_UISupportedInterfaceOrientations_iPad = "UIInterfaceOrientationLandscapeLeft UIInterfaceOrientationLandscapeRight UIInterfaceOrientationPortrait UIInterfaceOrientationPortraitUpsideDown";
				LD_RUNPATH_SEARCH_PATHS = "@executable_path/Frameworks";
				"LD_RUNPATH_SEARCH_PATHS[sdk=macosx*]" = "@executable_path/../Frameworks";
				PRODUCT_BUNDLE_IDENTIFIER = app.fyreplace.Fyreplace;
				PRODUCT_NAME = "$(TARGET_NAME)";
				SDKROOT = auto;
				SUPPORTED_PLATFORMS = "iphoneos iphonesimulator macosx";
				SWIFT_EMIT_LOC_STRINGS = YES;
				TARGETED_DEVICE_FAMILY = "1,2";
			};
			name = Debug;
		};
		4D54C94F2BF26090001DE071 /* Release */ = {
			isa = XCBuildConfiguration;
			baseConfigurationReference = 4D13AF732C492E8E00845FDB /* Config.release.xcconfig */;
			buildSettings = {
				ASSETCATALOG_COMPILER_APPICON_NAME = AppIcon;
				ASSETCATALOG_COMPILER_GLOBAL_ACCENT_COLOR_NAME = AccentColor;
				CODE_SIGN_ENTITLEMENTS = "${TARGET_NAME}/Config/Fyreplace.release.entitlements";
				CODE_SIGN_STYLE = Manual;
				DEAD_CODE_STRIPPING = YES;
				DEVELOPMENT_ASSET_PATHS = "\"${TARGET_NAME}/Preview Content\"";
				"ENABLE_APP_SANDBOX[sdk=macosx*]" = YES;
				ENABLE_HARDENED_RUNTIME = YES;
				ENABLE_PREVIEWS = YES;
				ENABLE_USER_SCRIPT_SANDBOXING = NO;
				GENERATE_INFOPLIST_FILE = YES;
				INFOPLIST_FILE = "${TARGET_NAME}/Config/Info.plist";
				INFOPLIST_KEY_LSApplicationCategoryType = "public.app-category.social-networking";
				"INFOPLIST_KEY_UIApplicationSceneManifest_Generation[sdk=iphoneos*]" = YES;
				"INFOPLIST_KEY_UIApplicationSceneManifest_Generation[sdk=iphonesimulator*]" = YES;
				"INFOPLIST_KEY_UIApplicationSupportsIndirectInputEvents[sdk=iphoneos*]" = YES;
				"INFOPLIST_KEY_UIApplicationSupportsIndirectInputEvents[sdk=iphonesimulator*]" = YES;
				"INFOPLIST_KEY_UILaunchScreen_Generation[sdk=iphoneos*]" = YES;
				"INFOPLIST_KEY_UILaunchScreen_Generation[sdk=iphonesimulator*]" = YES;
				INFOPLIST_KEY_UISupportedInterfaceOrientations = "UIInterfaceOrientationLandscapeLeft UIInterfaceOrientationLandscapeRight UIInterfaceOrientationPortrait";
				INFOPLIST_KEY_UISupportedInterfaceOrientations_iPad = "UIInterfaceOrientationLandscapeLeft UIInterfaceOrientationLandscapeRight UIInterfaceOrientationPortrait UIInterfaceOrientationPortraitUpsideDown";
				LD_RUNPATH_SEARCH_PATHS = "@executable_path/Frameworks";
				"LD_RUNPATH_SEARCH_PATHS[sdk=macosx*]" = "@executable_path/../Frameworks";
				PRODUCT_BUNDLE_IDENTIFIER = app.fyreplace.Fyreplace;
				PRODUCT_NAME = "$(TARGET_NAME)";
				SDKROOT = auto;
				SUPPORTED_PLATFORMS = "iphoneos iphonesimulator macosx";
				SWIFT_EMIT_LOC_STRINGS = YES;
				TARGETED_DEVICE_FAMILY = "1,2";
			};
			name = Release;
		};
		4D54C9512BF26090001DE071 /* Debug */ = {
			isa = XCBuildConfiguration;
			buildSettings = {
				BUNDLE_LOADER = "$(TEST_HOST)";
				DEAD_CODE_STRIPPING = YES;
				GENERATE_INFOPLIST_FILE = YES;
				PRODUCT_BUNDLE_IDENTIFIER = app.fyreplace.FyreplaceTests;
				PRODUCT_NAME = "$(TARGET_NAME)";
				SDKROOT = auto;
				SUPPORTED_PLATFORMS = "iphoneos iphonesimulator macosx";
				SWIFT_EMIT_LOC_STRINGS = NO;
				TARGETED_DEVICE_FAMILY = "1,2";
				TEST_HOST = "$(BUILT_PRODUCTS_DIR)/Fyreplace.app/$(BUNDLE_EXECUTABLE_FOLDER_PATH)/Fyreplace";
			};
			name = Debug;
		};
		4D54C9522BF26090001DE071 /* Release */ = {
			isa = XCBuildConfiguration;
			buildSettings = {
				BUNDLE_LOADER = "$(TEST_HOST)";
				DEAD_CODE_STRIPPING = YES;
				GENERATE_INFOPLIST_FILE = YES;
				PRODUCT_BUNDLE_IDENTIFIER = app.fyreplace.FyreplaceTests;
				PRODUCT_NAME = "$(TARGET_NAME)";
				SDKROOT = auto;
				SUPPORTED_PLATFORMS = "iphoneos iphonesimulator macosx";
				SWIFT_EMIT_LOC_STRINGS = NO;
				TARGETED_DEVICE_FAMILY = "1,2";
				TEST_HOST = "$(BUILT_PRODUCTS_DIR)/Fyreplace.app/$(BUNDLE_EXECUTABLE_FOLDER_PATH)/Fyreplace";
			};
			name = Release;
		};
		4D54C9542BF26090001DE071 /* Debug */ = {
			isa = XCBuildConfiguration;
			buildSettings = {
				DEAD_CODE_STRIPPING = YES;
				GENERATE_INFOPLIST_FILE = YES;
				PRODUCT_BUNDLE_IDENTIFIER = app.fyreplace.FyreplaceUITests;
				PRODUCT_NAME = "$(TARGET_NAME)";
				SDKROOT = auto;
				SUPPORTED_PLATFORMS = "iphoneos iphonesimulator macosx";
				SWIFT_EMIT_LOC_STRINGS = NO;
				TARGETED_DEVICE_FAMILY = "1,2";
				TEST_TARGET_NAME = Fyreplace;
			};
			name = Debug;
		};
		4D54C9552BF26090001DE071 /* Release */ = {
			isa = XCBuildConfiguration;
			buildSettings = {
				DEAD_CODE_STRIPPING = YES;
				GENERATE_INFOPLIST_FILE = YES;
				PRODUCT_BUNDLE_IDENTIFIER = app.fyreplace.FyreplaceUITests;
				PRODUCT_NAME = "$(TARGET_NAME)";
				SDKROOT = auto;
				SUPPORTED_PLATFORMS = "iphoneos iphonesimulator macosx";
				SWIFT_EMIT_LOC_STRINGS = NO;
				TARGETED_DEVICE_FAMILY = "1,2";
				TEST_TARGET_NAME = Fyreplace;
			};
			name = Release;
		};
/* End XCBuildConfiguration section */

/* Begin XCConfigurationList section */
		4D54C9232BF2608A001DE071 /* Build configuration list for PBXProject "Fyreplace" */ = {
			isa = XCConfigurationList;
			buildConfigurations = (
				4D54C94B2BF26090001DE071 /* Debug */,
				4D54C94C2BF26090001DE071 /* Release */,
			);
			defaultConfigurationIsVisible = 0;
			defaultConfigurationName = Release;
		};
		4D54C94D2BF26090001DE071 /* Build configuration list for PBXNativeTarget "Fyreplace" */ = {
			isa = XCConfigurationList;
			buildConfigurations = (
				4D54C94E2BF26090001DE071 /* Debug */,
				4D54C94F2BF26090001DE071 /* Release */,
			);
			defaultConfigurationIsVisible = 0;
			defaultConfigurationName = Release;
		};
		4D54C9502BF26090001DE071 /* Build configuration list for PBXNativeTarget "FyreplaceTests" */ = {
			isa = XCConfigurationList;
			buildConfigurations = (
				4D54C9512BF26090001DE071 /* Debug */,
				4D54C9522BF26090001DE071 /* Release */,
			);
			defaultConfigurationIsVisible = 0;
			defaultConfigurationName = Release;
		};
		4D54C9532BF26090001DE071 /* Build configuration list for PBXNativeTarget "FyreplaceUITests" */ = {
			isa = XCConfigurationList;
			buildConfigurations = (
				4D54C9542BF26090001DE071 /* Debug */,
				4D54C9552BF26090001DE071 /* Release */,
			);
			defaultConfigurationIsVisible = 0;
			defaultConfigurationName = Release;
		};
/* End XCConfigurationList section */

/* Begin XCRemoteSwiftPackageReference section */
		4D0DDC242C188869006CD503 /* XCRemoteSwiftPackageReference "sentry-cocoa" */ = {
			isa = XCRemoteSwiftPackageReference;
			repositoryURL = "https://github.com/getsentry/sentry-cocoa.git";
			requirement = {
				kind = upToNextMajorVersion;
				minimumVersion = 8.47.0;
			};
		};
		4D13AF5F2C482F0100845FDB /* XCRemoteSwiftPackageReference "swift-openapi-generator" */ = {
			isa = XCRemoteSwiftPackageReference;
			repositoryURL = "https://github.com/apple/swift-openapi-generator.git";
			requirement = {
				kind = upToNextMajorVersion;
				minimumVersion = 1.7.1;
			};
		};
		4D13AF602C482F1C00845FDB /* XCRemoteSwiftPackageReference "swift-openapi-runtime" */ = {
			isa = XCRemoteSwiftPackageReference;
			repositoryURL = "https://github.com/apple/swift-openapi-runtime.git";
			requirement = {
				kind = upToNextMajorVersion;
				minimumVersion = 1.8.1;
			};
		};
		4D13AF632C482F4500845FDB /* XCRemoteSwiftPackageReference "swift-openapi-urlsession" */ = {
			isa = XCRemoteSwiftPackageReference;
			repositoryURL = "https://github.com/apple/swift-openapi-urlsession.git";
			requirement = {
				kind = upToNextMajorVersion;
				minimumVersion = 1.0.2;
			};
		};
/* End XCRemoteSwiftPackageReference section */

/* Begin XCSwiftPackageProductDependency section */
		4D0DDC252C188869006CD503 /* SentrySwiftUI */ = {
			isa = XCSwiftPackageProductDependency;
			package = 4D0DDC242C188869006CD503 /* XCRemoteSwiftPackageReference "sentry-cocoa" */;
			productName = SentrySwiftUI;
		};
		4D13AF612C482F1C00845FDB /* OpenAPIRuntime */ = {
			isa = XCSwiftPackageProductDependency;
			package = 4D13AF602C482F1C00845FDB /* XCRemoteSwiftPackageReference "swift-openapi-runtime" */;
			productName = OpenAPIRuntime;
		};
		4D13AF642C482F4500845FDB /* OpenAPIURLSession */ = {
			isa = XCSwiftPackageProductDependency;
			package = 4D13AF632C482F4500845FDB /* XCRemoteSwiftPackageReference "swift-openapi-urlsession" */;
			productName = OpenAPIURLSession;
		};
		4D13AF662C482F5900845FDB /* OpenAPIGenerator */ = {
			isa = XCSwiftPackageProductDependency;
			package = 4D13AF5F2C482F0100845FDB /* XCRemoteSwiftPackageReference "swift-openapi-generator" */;
			productName = "plugin:OpenAPIGenerator";
		};
/* End XCSwiftPackageProductDependency section */
	};
	rootObject = 4D54C9202BF2608A001DE071 /* Project object */;
}
